PODS:
  - libKeygen (1.0)
  - QuickDialog (1.0):
    - QuickDialog/Core
  - QuickDialog/Core (1.0)
  - Realm (0.81.0)

DEPENDENCIES:
  - libKeygen (from `../libKeygen`)
  - QuickDialog (~> 1.0)
  - Realm

EXTERNAL SOURCES:
  libKeygen:
    :path: ../libKeygen

SPEC CHECKSUMS:
  libKeygen: d6cdbb690198c3ea2b51b81277e837c95246a7d7
  QuickDialog: 1f1df7b87d608bcbb3919f4ec809bd7d7ae50101
  Realm: 18d96d4c565c5fd7d12d17ef45ee78551e8ee365

COCOAPODS: 0.33.1
