// !$*UTF8*$!
{
	archiveVersion = 1;
	classes = {
	};
	objectVersion = 46;
	objects = {

/* Begin PBXBuildFile section */
		5C0F24E0FAD04FA089FC6B2A /* libPods-wlanaudit.a in Frameworks */ = {isa = PBXBuildFile; fileRef = C8343F4FB2414DBC829DDFA2 /* libPods-wlanaudit.a */; };
		6203F07D186DB4A500F508FE /* WASplitViewController.m in Sources */ = {isa = PBXBuildFile; fileRef = 6203F07C186DB4A500F508FE /* WASplitViewController.m */; };
		6203F07F186DBFE400F508FE /* MapKit.framework in Frameworks */ = {isa = PBXBuildFile; fileRef = 6203F07E186DBFE400F508FE /* MapKit.framework */; };
		6256E3F9187057C400CB90EF /* Settings.bundle in Resources */ = {isa = PBXBuildFile; fileRef = 6256E3F8187057C400CB90EF /* Settings.bundle */; };
		626DB89E186A75390093A93D /* Foundation.framework in Frameworks */ = {isa = PBXBuildFile; fileRef = 626DB89D186A75390093A93D /* Foundation.framework */; };
		626DB8A0186A75390093A93D /* CoreGraphics.framework in Frameworks */ = {isa = PBXBuildFile; fileRef = 626DB89F186A75390093A93D /* CoreGraphics.framework */; };
		626DB8A2186A75390093A93D /* UIKit.framework in Frameworks */ = {isa = PBXBuildFile; fileRef = 626DB8A1186A75390093A93D /* UIKit.framework */; };
		626DB8A8186A75390093A93D /* InfoPlist.strings in Resources */ = {isa = PBXBuildFile; fileRef = 626DB8A6186A75390093A93D /* InfoPlist.strings */; };
		626DB8AA186A75390093A93D /* main.m in Sources */ = {isa = PBXBuildFile; fileRef = 626DB8A9186A75390093A93D /* main.m */; };
		626DB8AE186A75390093A93D /* WAAppDelegate.m in Sources */ = {isa = PBXBuildFile; fileRef = 626DB8AD186A75390093A93D /* WAAppDelegate.m */; };
		626DB8B1186A75390093A93D /* Main_iPhone.storyboard in Resources */ = {isa = PBXBuildFile; fileRef = 626DB8AF186A75390093A93D /* Main_iPhone.storyboard */; };
		626DB8B4186A75390093A93D /* Main_iPad.storyboard in Resources */ = {isa = PBXBuildFile; fileRef = 626DB8B2186A75390093A93D /* Main_iPad.storyboard */; };
		626DB8B7186A75390093A93D /* WAMasterViewController.m in Sources */ = {isa = PBXBuildFile; fileRef = 626DB8B6186A75390093A93D /* WAMasterViewController.m */; };
		626DB8BA186A75390093A93D /* WADetailViewController.m in Sources */ = {isa = PBXBuildFile; fileRef = 626DB8B9186A75390093A93D /* WADetailViewController.m */; };
		626DB8BC186A75390093A93D /* Images.xcassets in Resources */ = {isa = PBXBuildFile; fileRef = 626DB8BB186A75390093A93D /* Images.xcassets */; };
		626DB8C3186A75390093A93D /* XCTest.framework in Frameworks */ = {isa = PBXBuildFile; fileRef = 626DB8C2186A75390093A93D /* XCTest.framework */; };
		626DB8C4186A75390093A93D /* Foundation.framework in Frameworks */ = {isa = PBXBuildFile; fileRef = 626DB89D186A75390093A93D /* Foundation.framework */; };
		626DB8C5186A75390093A93D /* UIKit.framework in Frameworks */ = {isa = PBXBuildFile; fileRef = 626DB8A1186A75390093A93D /* UIKit.framework */; };
		626DB8CD186A75390093A93D /* InfoPlist.strings in Resources */ = {isa = PBXBuildFile; fileRef = 626DB8CB186A75390093A93D /* InfoPlist.strings */; };
		626DB8CF186A75390093A93D /* WLANAuditTests.m in Sources */ = {isa = PBXBuildFile; fileRef = 626DB8CE186A75390093A93D /* WLANAuditTests.m */; };
		628834BC1870C8BE00550051 /* WANetworkData.m in Sources */ = {isa = PBXBuildFile; fileRef = 628834BB1870C8BE00550051 /* WANetworkData.m */; };
		62974CA818C7E7C5003238DE /* WASimulatorNetworksManager.m in Sources */ = {isa = PBXBuildFile; fileRef = 62974CA718C7E7C5003238DE /* WASimulatorNetworksManager.m */; };
		62B1837B186C79C2007C0DCB /* MSNetworksManager.m in Sources */ = {isa = PBXBuildFile; fileRef = 62B1837A186C79C2007C0DCB /* MSNetworksManager.m */; settings = {COMPILER_FLAGS = "-fno-objc-arc"; }; };
		62FA2F241870B40200225717 /* WANetworkDetailsViewController.m in Sources */ = {isa = PBXBuildFile; fileRef = 62FA2F231870B40200225717 /* WANetworkDetailsViewController.m */; };
/* End PBXBuildFile section */

/* Begin PBXContainerItemProxy section */
		626DB8C6186A75390093A93D /* PBXContainerItemProxy */ = {
			isa = PBXContainerItemProxy;
			containerPortal = 626DB892186A75380093A93D /* Project object */;
			proxyType = 1;
			remoteGlobalIDString = 626DB899186A75390093A93D;
			remoteInfo = wlanaudit;
		};
/* End PBXContainerItemProxy section */

/* Begin PBXFileReference section */
		4C16FF8BAF4F449893630B5F /* Pods-wlanaudit.xcconfig */ = {isa = PBXFileReference; includeInIndex = 1; lastKnownFileType = text.xcconfig; name = "Pods-wlanaudit.xcconfig"; path = "Pods/Pods-wlanaudit.xcconfig"; sourceTree = "<group>"; };
		6203F07B186DB4A500F508FE /* WASplitViewController.h */ = {isa = PBXFileReference; fileEncoding = 4; lastKnownFileType = sourcecode.c.h; name = WASplitViewController.h; path = WLANAudit/WASplitViewController.h; sourceTree = SOURCE_ROOT; };
		6203F07C186DB4A500F508FE /* WASplitViewController.m */ = {isa = PBXFileReference; fileEncoding = 4; lastKnownFileType = sourcecode.c.objc; name = WASplitViewController.m; path = WLANAudit/WASplitViewController.m; sourceTree = SOURCE_ROOT; };
		6203F07E186DBFE400F508FE /* MapKit.framework */ = {isa = PBXFileReference; lastKnownFileType = wrapper.framework; name = MapKit.framework; path = System/Library/Frameworks/MapKit.framework; sourceTree = SDKROOT; };
		6256E3F8187057C400CB90EF /* Settings.bundle */ = {isa = PBXFileReference; lastKnownFileType = "wrapper.plug-in"; name = Settings.bundle; path = WLANAudit/Settings.bundle; sourceTree = SOURCE_ROOT; };
		626DB89A186A75390093A93D /* wlanaudit.app */ = {isa = PBXFileReference; explicitFileType = wrapper.application; includeInIndex = 0; path = wlanaudit.app; sourceTree = BUILT_PRODUCTS_DIR; };
		626DB89D186A75390093A93D /* Foundation.framework */ = {isa = PBXFileReference; lastKnownFileType = wrapper.framework; name = Foundation.framework; path = System/Library/Frameworks/Foundation.framework; sourceTree = SDKROOT; };
		626DB89F186A75390093A93D /* CoreGraphics.framework */ = {isa = PBXFileReference; lastKnownFileType = wrapper.framework; name = CoreGraphics.framework; path = System/Library/Frameworks/CoreGraphics.framework; sourceTree = SDKROOT; };
		626DB8A1186A75390093A93D /* UIKit.framework */ = {isa = PBXFileReference; lastKnownFileType = wrapper.framework; name = UIKit.framework; path = System/Library/Frameworks/UIKit.framework; sourceTree = SDKROOT; };
		626DB8A5186A75390093A93D /* WLANAudit-Info.plist */ = {isa = PBXFileReference; lastKnownFileType = text.plist.xml; path = "WLANAudit-Info.plist"; sourceTree = "<group>"; };
		626DB8A7186A75390093A93D /* en */ = {isa = PBXFileReference; lastKnownFileType = text.plist.strings; name = en; path = en.lproj/InfoPlist.strings; sourceTree = "<group>"; };
		626DB8A9186A75390093A93D /* main.m */ = {isa = PBXFileReference; lastKnownFileType = sourcecode.c.objc; path = main.m; sourceTree = "<group>"; };
		626DB8AB186A75390093A93D /* WLANAudit-Prefix.pch */ = {isa = PBXFileReference; lastKnownFileType = sourcecode.c.h; path = "WLANAudit-Prefix.pch"; sourceTree = "<group>"; };
		626DB8AC186A75390093A93D /* WAAppDelegate.h */ = {isa = PBXFileReference; lastKnownFileType = sourcecode.c.h; path = WAAppDelegate.h; sourceTree = "<group>"; };
		626DB8AD186A75390093A93D /* WAAppDelegate.m */ = {isa = PBXFileReference; lastKnownFileType = sourcecode.c.objc; path = WAAppDelegate.m; sourceTree = "<group>"; };
		626DB8B0186A75390093A93D /* Base */ = {isa = PBXFileReference; lastKnownFileType = file.storyboard; name = Base; path = Base.lproj/Main_iPhone.storyboard; sourceTree = "<group>"; };
		626DB8B3186A75390093A93D /* Base */ = {isa = PBXFileReference; lastKnownFileType = file.storyboard; name = Base; path = Base.lproj/Main_iPad.storyboard; sourceTree = "<group>"; };
		626DB8B5186A75390093A93D /* WAMasterViewController.h */ = {isa = PBXFileReference; lastKnownFileType = sourcecode.c.h; path = WAMasterViewController.h; sourceTree = "<group>"; };
		626DB8B6186A75390093A93D /* WAMasterViewController.m */ = {isa = PBXFileReference; lastKnownFileType = sourcecode.c.objc; path = WAMasterViewController.m; sourceTree = "<group>"; };
		626DB8B8186A75390093A93D /* WADetailViewController.h */ = {isa = PBXFileReference; lastKnownFileType = sourcecode.c.h; path = WADetailViewController.h; sourceTree = "<group>"; };
		626DB8B9186A75390093A93D /* WADetailViewController.m */ = {isa = PBXFileReference; lastKnownFileType = sourcecode.c.objc; path = WADetailViewController.m; sourceTree = "<group>"; };
		626DB8BB186A75390093A93D /* Images.xcassets */ = {isa = PBXFileReference; lastKnownFileType = folder.assetcatalog; path = Images.xcassets; sourceTree = "<group>"; };
		626DB8C1186A75390093A93D /* wlanauditTests.xctest */ = {isa = PBXFileReference; explicitFileType = wrapper.cfbundle; includeInIndex = 0; path = wlanauditTests.xctest; sourceTree = BUILT_PRODUCTS_DIR; };
		626DB8C2186A75390093A93D /* XCTest.framework */ = {isa = PBXFileReference; lastKnownFileType = wrapper.framework; name = XCTest.framework; path = Library/Frameworks/XCTest.framework; sourceTree = DEVELOPER_DIR; };
		626DB8CA186A75390093A93D /* WLANAuditTests-Info.plist */ = {isa = PBXFileReference; lastKnownFileType = text.plist.xml; path = "WLANAuditTests-Info.plist"; sourceTree = "<group>"; };
		626DB8CC186A75390093A93D /* en */ = {isa = PBXFileReference; lastKnownFileType = text.plist.strings; name = en; path = en.lproj/InfoPlist.strings; sourceTree = "<group>"; };
		626DB8CE186A75390093A93D /* WLANAuditTests.m */ = {isa = PBXFileReference; lastKnownFileType = sourcecode.c.objc; path = WLANAuditTests.m; sourceTree = "<group>"; };
		628834BA1870C8BE00550051 /* WANetworkData.h */ = {isa = PBXFileReference; fileEncoding = 4; lastKnownFileType = sourcecode.c.h; name = WANetworkData.h; path = WLANAudit/WANetworkData.h; sourceTree = SOURCE_ROOT; };
		628834BB1870C8BE00550051 /* WANetworkData.m */ = {isa = PBXFileReference; fileEncoding = 4; lastKnownFileType = sourcecode.c.objc; name = WANetworkData.m; path = WLANAudit/WANetworkData.m; sourceTree = SOURCE_ROOT; };
		62974CA618C7E7C5003238DE /* WASimulatorNetworksManager.h */ = {isa = PBXFileReference; fileEncoding = 4; lastKnownFileType = sourcecode.c.h; name = WASimulatorNetworksManager.h; path = WLANAudit/WASimulatorNetworksManager.h; sourceTree = SOURCE_ROOT; };
		62974CA718C7E7C5003238DE /* WASimulatorNetworksManager.m */ = {isa = PBXFileReference; fileEncoding = 4; lastKnownFileType = sourcecode.c.objc; name = WASimulatorNetworksManager.m; path = WLANAudit/WASimulatorNetworksManager.m; sourceTree = SOURCE_ROOT; };
		62B18379186C79C2007C0DCB /* MSNetworksManager.h */ = {isa = PBXFileReference; fileEncoding = 4; lastKnownFileType = sourcecode.c.h; path = MSNetworksManager.h; sourceTree = "<group>"; };
		62B1837A186C79C2007C0DCB /* MSNetworksManager.m */ = {isa = PBXFileReference; fileEncoding = 4; lastKnownFileType = sourcecode.c.objc; path = MSNetworksManager.m; sourceTree = "<group>"; };
		62FA2F221870B40200225717 /* WANetworkDetailsViewController.h */ = {isa = PBXFileReference; fileEncoding = 4; lastKnownFileType = sourcecode.c.h; name = WANetworkDetailsViewController.h; path = WLANAudit/WANetworkDetailsViewController.h; sourceTree = SOURCE_ROOT; };
		62FA2F231870B40200225717 /* WANetworkDetailsViewController.m */ = {isa = PBXFileReference; fileEncoding = 4; lastKnownFileType = sourcecode.c.objc; name = WANetworkDetailsViewController.m; path = WLANAudit/WANetworkDetailsViewController.m; sourceTree = SOURCE_ROOT; };
		C8343F4FB2414DBC829DDFA2 /* libPods-wlanaudit.a */ = {isa = PBXFileReference; explicitFileType = archive.ar; includeInIndex = 0; path = "libPods-wlanaudit.a"; sourceTree = BUILT_PRODUCTS_DIR; };
/* End PBXFileReference section */

/* Begin PBXFrameworksBuildPhase section */
		626DB897186A75390093A93D /* Frameworks */ = {
			isa = PBXFrameworksBuildPhase;
			buildActionMask = 2147483647;
			files = (
				6203F07F186DBFE400F508FE /* MapKit.framework in Frameworks */,
				626DB8A0186A75390093A93D /* CoreGraphics.framework in Frameworks */,
				626DB8A2186A75390093A93D /* UIKit.framework in Frameworks */,
				626DB89E186A75390093A93D /* Foundation.framework in Frameworks */,
				5C0F24E0FAD04FA089FC6B2A /* libPods-wlanaudit.a in Frameworks */,
			);
			runOnlyForDeploymentPostprocessing = 0;
		};
		626DB8BE186A75390093A93D /* Frameworks */ = {
			isa = PBXFrameworksBuildPhase;
			buildActionMask = 2147483647;
			files = (
				626DB8C3186A75390093A93D /* XCTest.framework in Frameworks */,
				626DB8C5186A75390093A93D /* UIKit.framework in Frameworks */,
				626DB8C4186A75390093A93D /* Foundation.framework in Frameworks */,
			);
			runOnlyForDeploymentPostprocessing = 0;
		};
/* End PBXFrameworksBuildPhase section */

/* Begin PBXGroup section */
		6203F07A186DB47000F508FE /* iPad */ = {
			isa = PBXGroup;
			children = (
				6203F07B186DB4A500F508FE /* WASplitViewController.h */,
				6203F07C186DB4A500F508FE /* WASplitViewController.m */,
			);
			name = iPad;
			sourceTree = "<group>";
		};
		626DB891186A75380093A93D = {
			isa = PBXGroup;
			children = (
				626DB8A3186A75390093A93D /* Sources */,
				626DB8C8186A75390093A93D /* Tests */,
				626DB89C186A75390093A93D /* Frameworks */,
				626DB89B186A75390093A93D /* Products */,
				4C16FF8BAF4F449893630B5F /* Pods-wlanaudit.xcconfig */,
			);
			sourceTree = "<group>";
		};
		626DB89B186A75390093A93D /* Products */ = {
			isa = PBXGroup;
			children = (
				626DB89A186A75390093A93D /* wlanaudit.app */,
				626DB8C1186A75390093A93D /* wlanauditTests.xctest */,
			);
			name = Products;
			sourceTree = "<group>";
		};
		626DB89C186A75390093A93D /* Frameworks */ = {
			isa = PBXGroup;
			children = (
				6203F07E186DBFE400F508FE /* MapKit.framework */,
				626DB89D186A75390093A93D /* Foundation.framework */,
				626DB89F186A75390093A93D /* CoreGraphics.framework */,
				626DB8A1186A75390093A93D /* UIKit.framework */,
				626DB8C2186A75390093A93D /* XCTest.framework */,
				C8343F4FB2414DBC829DDFA2 /* libPods-wlanaudit.a */,
			);
			name = Frameworks;
			sourceTree = "<group>";
		};
		626DB8A3186A75390093A93D /* Sources */ = {
			isa = PBXGroup;
			children = (
				628834B91870C7F100550051 /* Models */,
				62B18378186C79A7007C0DCB /* Networks */,
				62B18377186C75AF007C0DCB /* Storyboards */,
				62B18376186C75A2007C0DCB /* Delegates */,
				62B18375186C758A007C0DCB /* Controllers */,
				626DB8BB186A75390093A93D /* Images.xcassets */,
				626DB8A4186A75390093A93D /* Supporting Files */,
			);
			name = Sources;
			path = wlanaudit;
			sourceTree = "<group>";
		};
		626DB8A4186A75390093A93D /* Supporting Files */ = {
			isa = PBXGroup;
			children = (
				626DB8A5186A75390093A93D /* WLANAudit-Info.plist */,
				626DB8A6186A75390093A93D /* InfoPlist.strings */,
				626DB8A9186A75390093A93D /* main.m */,
				626DB8AB186A75390093A93D /* WLANAudit-Prefix.pch */,
				6256E3F8187057C400CB90EF /* Settings.bundle */,
			);
			name = "Supporting Files";
			sourceTree = "<group>";
		};
		626DB8C8186A75390093A93D /* Tests */ = {
			isa = PBXGroup;
			children = (
				626DB8CE186A75390093A93D /* WLANAuditTests.m */,
				626DB8C9186A75390093A93D /* Supporting Files */,
			);
			name = Tests;
			path = wlanauditTests;
			sourceTree = "<group>";
		};
		626DB8C9186A75390093A93D /* Supporting Files */ = {
			isa = PBXGroup;
			children = (
				626DB8CA186A75390093A93D /* WLANAuditTests-Info.plist */,
				626DB8CB186A75390093A93D /* InfoPlist.strings */,
			);
			name = "Supporting Files";
			sourceTree = "<group>";
		};
		628834B91870C7F100550051 /* Models */ = {
			isa = PBXGroup;
			children = (
				628834BA1870C8BE00550051 /* WANetworkData.h */,
				628834BB1870C8BE00550051 /* WANetworkData.m */,
			);
			name = Models;
			sourceTree = "<group>";
		};
		62B18375186C758A007C0DCB /* Controllers */ = {
			isa = PBXGroup;
			children = (
				6203F07A186DB47000F508FE /* iPad */,
				626DB8B5186A75390093A93D /* WAMasterViewController.h */,
				626DB8B6186A75390093A93D /* WAMasterViewController.m */,
				626DB8B8186A75390093A93D /* WADetailViewController.h */,
				626DB8B9186A75390093A93D /* WADetailViewController.m */,
				62FA2F221870B40200225717 /* WANetworkDetailsViewController.h */,
				62FA2F231870B40200225717 /* WANetworkDetailsViewController.m */,
			);
			name = Controllers;
			sourceTree = "<group>";
		};
		62B18376186C75A2007C0DCB /* Delegates */ = {
			isa = PBXGroup;
			children = (
				626DB8AC186A75390093A93D /* WAAppDelegate.h */,
				626DB8AD186A75390093A93D /* WAAppDelegate.m */,
			);
			name = Delegates;
			sourceTree = "<group>";
		};
		62B18377186C75AF007C0DCB /* Storyboards */ = {
			isa = PBXGroup;
			children = (
				626DB8AF186A75390093A93D /* Main_iPhone.storyboard */,
				626DB8B2186A75390093A93D /* Main_iPad.storyboard */,
			);
			name = Storyboards;
			sourceTree = "<group>";
		};
		62B18378186C79A7007C0DCB /* Networks */ = {
			isa = PBXGroup;
			children = (
				62B18379186C79C2007C0DCB /* MSNetworksManager.h */,
				62B1837A186C79C2007C0DCB /* MSNetworksManager.m */,
				62974CA618C7E7C5003238DE /* WASimulatorNetworksManager.h */,
				62974CA718C7E7C5003238DE /* WASimulatorNetworksManager.m */,
			);
			name = Networks;
			sourceTree = "<group>";
		};
/* End PBXGroup section */

/* Begin PBXNativeTarget section */
		626DB899186A75390093A93D /* wlanaudit */ = {
			isa = PBXNativeTarget;
			buildConfigurationList = 626DB8D2186A75390093A93D /* Build configuration list for PBXNativeTarget "wlanaudit" */;
			buildPhases = (
				31C2FAE5040149FC9DB0EF72 /* Check Pods Manifest.lock */,
				626DB896186A75390093A93D /* Sources */,
				626DB897186A75390093A93D /* Frameworks */,
				626DB898186A75390093A93D /* Resources */,
				45D5C81F8CC84E39AED25742 /* Copy Pods Resources */,
			);
			buildRules = (
			);
			dependencies = (
			);
			name = wlanaudit;
			productName = wlanaudit;
			productReference = 626DB89A186A75390093A93D /* wlanaudit.app */;
			productType = "com.apple.product-type.application";
		};
		626DB8C0186A75390093A93D /* wlanauditTests */ = {
			isa = PBXNativeTarget;
			buildConfigurationList = 626DB8D5186A75390093A93D /* Build configuration list for PBXNativeTarget "wlanauditTests" */;
			buildPhases = (
				626DB8BD186A75390093A93D /* Sources */,
				626DB8BE186A75390093A93D /* Frameworks */,
				626DB8BF186A75390093A93D /* Resources */,
			);
			buildRules = (
			);
			dependencies = (
				626DB8C7186A75390093A93D /* PBXTargetDependency */,
			);
			name = wlanauditTests;
			productName = wlanauditTests;
			productReference = 626DB8C1186A75390093A93D /* wlanauditTests.xctest */;
			productType = "com.apple.product-type.bundle.unit-test";
		};
/* End PBXNativeTarget section */

/* Begin PBXProject section */
		626DB892186A75380093A93D /* Project object */ = {
			isa = PBXProject;
			attributes = {
				CLASSPREFIX = WA;
				LastUpgradeCheck = 0500;
				ORGANIZATIONNAME = "Roberto Estrada";
				TargetAttributes = {
					626DB8C0186A75390093A93D = {
						TestTargetID = 626DB899186A75390093A93D;
					};
				};
			};
			buildConfigurationList = 626DB895186A75380093A93D /* Build configuration list for PBXProject "WLANAudit" */;
			compatibilityVersion = "Xcode 3.2";
			developmentRegion = English;
			hasScannedForEncodings = 0;
			knownRegions = (
				en,
				Base,
			);
			mainGroup = 626DB891186A75380093A93D;
			productRefGroup = 626DB89B186A75390093A93D /* Products */;
			projectDirPath = "";
			projectRoot = "";
			targets = (
				626DB899186A75390093A93D /* wlanaudit */,
				626DB8C0186A75390093A93D /* wlanauditTests */,
			);
		};
/* End PBXProject section */

/* Begin PBXResourcesBuildPhase section */
		626DB898186A75390093A93D /* Resources */ = {
			isa = PBXResourcesBuildPhase;
			buildActionMask = 2147483647;
			files = (
				626DB8B4186A75390093A93D /* Main_iPad.storyboard in Resources */,
				626DB8BC186A75390093A93D /* Images.xcassets in Resources */,
				6256E3F9187057C400CB90EF /* Settings.bundle in Resources */,
				626DB8B1186A75390093A93D /* Main_iPhone.storyboard in Resources */,
				626DB8A8186A75390093A93D /* InfoPlist.strings in Resources */,
			);
			runOnlyForDeploymentPostprocessing = 0;
		};
		626DB8BF186A75390093A93D /* Resources */ = {
			isa = PBXResourcesBuildPhase;
			buildActionMask = 2147483647;
			files = (
				626DB8CD186A75390093A93D /* InfoPlist.strings in Resources */,
			);
			runOnlyForDeploymentPostprocessing = 0;
		};
/* End PBXResourcesBuildPhase section */

/* Begin PBXShellScriptBuildPhase section */
		31C2FAE5040149FC9DB0EF72 /* Check Pods Manifest.lock */ = {
			isa = PBXShellScriptBuildPhase;
			buildActionMask = 2147483647;
			files = (
			);
			inputPaths = (
			);
			name = "Check Pods Manifest.lock";
			outputPaths = (
			);
			runOnlyForDeploymentPostprocessing = 0;
			shellPath = /bin/sh;
			shellScript = "diff \"${PODS_ROOT}/../Podfile.lock\" \"${PODS_ROOT}/Manifest.lock\" > /dev/null\nif [[ $? != 0 ]] ; then\n    cat << EOM\nerror: The sandbox is not in sync with the Podfile.lock. Run 'pod install' or update your CocoaPods installation.\nEOM\n    exit 1\nfi\n";
			showEnvVarsInLog = 0;
		};
		45D5C81F8CC84E39AED25742 /* Copy Pods Resources */ = {
			isa = PBXShellScriptBuildPhase;
			buildActionMask = 2147483647;
			files = (
			);
			inputPaths = (
			);
			name = "Copy Pods Resources";
			outputPaths = (
			);
			runOnlyForDeploymentPostprocessing = 0;
			shellPath = /bin/sh;
			shellScript = "\"${SRCROOT}/Pods/Pods-wlanaudit-resources.sh\"\n";
			showEnvVarsInLog = 0;
		};
/* End PBXShellScriptBuildPhase section */

/* Begin PBXSourcesBuildPhase section */
		626DB896186A75390093A93D /* Sources */ = {
			isa = PBXSourcesBuildPhase;
			buildActionMask = 2147483647;
			files = (
				62974CA818C7E7C5003238DE /* WASimulatorNetworksManager.m in Sources */,
				62FA2F241870B40200225717 /* WANetworkDetailsViewController.m in Sources */,
				626DB8AE186A75390093A93D /* WAAppDelegate.m in Sources */,
				626DB8BA186A75390093A93D /* WADetailViewController.m in Sources */,
				62B1837B186C79C2007C0DCB /* MSNetworksManager.m in Sources */,
				6203F07D186DB4A500F508FE /* WASplitViewController.m in Sources */,
				626DB8AA186A75390093A93D /* main.m in Sources */,
				628834BC1870C8BE00550051 /* WANetworkData.m in Sources */,
				626DB8B7186A75390093A93D /* WAMasterViewController.m in Sources */,
			);
			runOnlyForDeploymentPostprocessing = 0;
		};
		626DB8BD186A75390093A93D /* Sources */ = {
			isa = PBXSourcesBuildPhase;
			buildActionMask = 2147483647;
			files = (
				626DB8CF186A75390093A93D /* WLANAuditTests.m in Sources */,
			);
			runOnlyForDeploymentPostprocessing = 0;
		};
/* End PBXSourcesBuildPhase section */

/* Begin PBXTargetDependency section */
		626DB8C7186A75390093A93D /* PBXTargetDependency */ = {
			isa = PBXTargetDependency;
			target = 626DB899186A75390093A93D /* wlanaudit */;
			targetProxy = 626DB8C6186A75390093A93D /* PBXContainerItemProxy */;
		};
/* End PBXTargetDependency section */

/* Begin PBXVariantGroup section */
		626DB8A6186A75390093A93D /* InfoPlist.strings */ = {
			isa = PBXVariantGroup;
			children = (
				626DB8A7186A75390093A93D /* en */,
			);
			name = InfoPlist.strings;
			sourceTree = "<group>";
		};
		626DB8AF186A75390093A93D /* Main_iPhone.storyboard */ = {
			isa = PBXVariantGroup;
			children = (
				626DB8B0186A75390093A93D /* Base */,
			);
			name = Main_iPhone.storyboard;
			sourceTree = "<group>";
		};
		626DB8B2186A75390093A93D /* Main_iPad.storyboard */ = {
			isa = PBXVariantGroup;
			children = (
				626DB8B3186A75390093A93D /* Base */,
			);
			name = Main_iPad.storyboard;
			sourceTree = "<group>";
		};
		626DB8CB186A75390093A93D /* InfoPlist.strings */ = {
			isa = PBXVariantGroup;
			children = (
				626DB8CC186A75390093A93D /* en */,
			);
			name = InfoPlist.strings;
			sourceTree = "<group>";
		};
/* End PBXVariantGroup section */

/* Begin XCBuildConfiguration section */
		626DB8D0186A75390093A93D /* Debug */ = {
			isa = XCBuildConfiguration;
			buildSettings = {
				ALWAYS_SEARCH_USER_PATHS = NO;
				ARCHS = "$(ARCHS_STANDARD_INCLUDING_64_BIT)";
				CLANG_CXX_LANGUAGE_STANDARD = "gnu++0x";
				CLANG_CXX_LIBRARY = "libc++";
				CLANG_ENABLE_MODULES = YES;
				CLANG_ENABLE_OBJC_ARC = YES;
				CLANG_WARN_BOOL_CONVERSION = YES;
				CLANG_WARN_CONSTANT_CONVERSION = YES;
				CLANG_WARN_DIRECT_OBJC_ISA_USAGE = YES_ERROR;
				CLANG_WARN_EMPTY_BODY = YES;
				CLANG_WARN_ENUM_CONVERSION = YES;
				CLANG_WARN_INT_CONVERSION = YES;
				CLANG_WARN_OBJC_ROOT_CLASS = YES_ERROR;
				CLANG_WARN__DUPLICATE_METHOD_MATCH = YES;
				"CODE_SIGN_IDENTITY[sdk=iphoneos*]" = "iPhone Developer";
				COPY_PHASE_STRIP = NO;
				GCC_C_LANGUAGE_STANDARD = gnu99;
				GCC_DYNAMIC_NO_PIC = NO;
				GCC_OPTIMIZATION_LEVEL = 0;
				GCC_PREPROCESSOR_DEFINITIONS = (
					"DEBUG=1",
					"$(inherited)",
				);
				GCC_SYMBOLS_PRIVATE_EXTERN = NO;
				GCC_WARN_64_TO_32_BIT_CONVERSION = YES;
				GCC_WARN_ABOUT_RETURN_TYPE = YES_ERROR;
				GCC_WARN_UNDECLARED_SELECTOR = YES;
				GCC_WARN_UNINITIALIZED_AUTOS = YES;
				GCC_WARN_UNUSED_FUNCTION = YES;
				GCC_WARN_UNUSED_VARIABLE = YES;
				IPHONEOS_DEPLOYMENT_TARGET = 7.0;
				ONLY_ACTIVE_ARCH = YES;
				SDKROOT = iphoneos;
				TARGETED_DEVICE_FAMILY = "1,2";
			};
			name = Debug;
		};
		626DB8D1186A75390093A93D /* Release */ = {
			isa = XCBuildConfiguration;
			buildSettings = {
				ALWAYS_SEARCH_USER_PATHS = NO;
				ARCHS = "$(ARCHS_STANDARD_INCLUDING_64_BIT)";
				CLANG_CXX_LANGUAGE_STANDARD = "gnu++0x";
				CLANG_CXX_LIBRARY = "libc++";
				CLANG_ENABLE_MODULES = YES;
				CLANG_ENABLE_OBJC_ARC = YES;
				CLANG_WARN_BOOL_CONVERSION = YES;
				CLANG_WARN_CONSTANT_CONVERSION = YES;
				CLANG_WARN_DIRECT_OBJC_ISA_USAGE = YES_ERROR;
				CLANG_WARN_EMPTY_BODY = YES;
				CLANG_WARN_ENUM_CONVERSION = YES;
				CLANG_WARN_INT_CONVERSION = YES;
				CLANG_WARN_OBJC_ROOT_CLASS = YES_ERROR;
				CLANG_WARN__DUPLICATE_METHOD_MATCH = YES;
				"CODE_SIGN_IDENTITY[sdk=iphoneos*]" = "iPhone Developer";
				COPY_PHASE_STRIP = YES;
				ENABLE_NS_ASSERTIONS = NO;
				GCC_C_LANGUAGE_STANDARD = gnu99;
				GCC_WARN_64_TO_32_BIT_CONVERSION = YES;
				GCC_WARN_ABOUT_RETURN_TYPE = YES_ERROR;
				GCC_WARN_UNDECLARED_SELECTOR = YES;
				GCC_WARN_UNINITIALIZED_AUTOS = YES;
				GCC_WARN_UNUSED_FUNCTION = YES;
				GCC_WARN_UNUSED_VARIABLE = YES;
				IPHONEOS_DEPLOYMENT_TARGET = 7.0;
				SDKROOT = iphoneos;
				TARGETED_DEVICE_FAMILY = "1,2";
				VALIDATE_PRODUCT = YES;
			};
			name = Release;
		};
		626DB8D3186A75390093A93D /* Debug */ = {
			isa = XCBuildConfiguration;
			baseConfigurationReference = 4C16FF8BAF4F449893630B5F /* Pods-wlanaudit.xcconfig */;
			buildSettings = {
				ASSETCATALOG_COMPILER_APPICON_NAME = AppIcon;
				ASSETCATALOG_COMPILER_LAUNCHIMAGE_NAME = LaunchImage;
				GCC_INCREASE_PRECOMPILED_HEADER_SHARING = NO;
				GCC_PRECOMPILE_PREFIX_HEADER = YES;
				GCC_PREFIX_HEADER = "WLANAudit/WLANAudit-Prefix.pch";
				INFOPLIST_FILE = "WLANAudit/WLANAudit-Info.plist";
				PRODUCT_NAME = "$(TARGET_NAME)";
				SYMROOT = "$(SYMROOT)";
				WRAPPER_EXTENSION = app;
			};
			name = Debug;
		};
		626DB8D4186A75390093A93D /* Release */ = {
			isa = XCBuildConfiguration;
			baseConfigurationReference = 4C16FF8BAF4F449893630B5F /* Pods-wlanaudit.xcconfig */;
			buildSettings = {
				ASSETCATALOG_COMPILER_APPICON_NAME = AppIcon;
				ASSETCATALOG_COMPILER_LAUNCHIMAGE_NAME = LaunchImage;
				GCC_INCREASE_PRECOMPILED_HEADER_SHARING = NO;
				GCC_PRECOMPILE_PREFIX_HEADER = YES;
				GCC_PREFIX_HEADER = "WLANAudit/WLANAudit-Prefix.pch";
				INFOPLIST_FILE = "WLANAudit/WLANAudit-Info.plist";
				PRODUCT_NAME = "$(TARGET_NAME)";
				SYMROOT = "$(SYMROOT)";
				WRAPPER_EXTENSION = app;
			};
			name = Release;
		};
		626DB8D6186A75390093A93D /* Debug */ = {
			isa = XCBuildConfiguration;
			buildSettings = {
				ARCHS = "$(ARCHS_STANDARD_INCLUDING_64_BIT)";
				BUNDLE_LOADER = "$(BUILT_PRODUCTS_DIR)/wlanaudit.app/wlanaudit";
				FRAMEWORK_SEARCH_PATHS = (
					"$(SDKROOT)/Developer/Library/Frameworks",
					"$(inherited)",
					"$(DEVELOPER_FRAMEWORKS_DIR)",
				);
				GCC_PRECOMPILE_PREFIX_HEADER = YES;
				GCC_PREFIX_HEADER = "wlanaudit/wlanaudit-Prefix.pch";
				GCC_PREPROCESSOR_DEFINITIONS = (
					"DEBUG=1",
					"$(inherited)",
				);
				INFOPLIST_FILE = "wlanauditTests/wlanauditTests-Info.plist";
				PRODUCT_NAME = "$(TARGET_NAME)";
				TEST_HOST = "$(BUNDLE_LOADER)";
				WRAPPER_EXTENSION = xctest;
			};
			name = Debug;
		};
		626DB8D7186A75390093A93D /* Release */ = {
			isa = XCBuildConfiguration;
			buildSettings = {
				ARCHS = "$(ARCHS_STANDARD_INCLUDING_64_BIT)";
				BUNDLE_LOADER = "$(BUILT_PRODUCTS_DIR)/wlanaudit.app/wlanaudit";
				FRAMEWORK_SEARCH_PATHS = (
					"$(SDKROOT)/Developer/Library/Frameworks",
					"$(inherited)",
					"$(DEVELOPER_FRAMEWORKS_DIR)",
				);
				GCC_PRECOMPILE_PREFIX_HEADER = YES;
				GCC_PREFIX_HEADER = "wlanaudit/wlanaudit-Prefix.pch";
				INFOPLIST_FILE = "wlanauditTests/wlanauditTests-Info.plist";
				PRODUCT_NAME = "$(TARGET_NAME)";
				TEST_HOST = "$(BUNDLE_LOADER)";
				WRAPPER_EXTENSION = xctest;
			};
			name = Release;
		};
/* End XCBuildConfiguration section */

/* Begin XCConfigurationList section */
		626DB895186A75380093A93D /* Build configuration list for PBXProject "WLANAudit" */ = {
			isa = XCConfigurationList;
			buildConfigurations = (
				626DB8D0186A75390093A93D /* Debug */,
				626DB8D1186A75390093A93D /* Release */,
			);
			defaultConfigurationIsVisible = 0;
			defaultConfigurationName = Release;
		};
		626DB8D2186A75390093A93D /* Build configuration list for PBXNativeTarget "wlanaudit" */ = {
			isa = XCConfigurationList;
			buildConfigurations = (
				626DB8D3186A75390093A93D /* Debug */,
				626DB8D4186A75390093A93D /* Release */,
			);
			defaultConfigurationIsVisible = 0;
			defaultConfigurationName = Release;
		};
		626DB8D5186A75390093A93D /* Build configuration list for PBXNativeTarget "wlanauditTests" */ = {
			isa = XCConfigurationList;
			buildConfigurations = (
				626DB8D6186A75390093A93D /* Debug */,
				626DB8D7186A75390093A93D /* Release */,
			);
			defaultConfigurationIsVisible = 0;
			defaultConfigurationName = Release;
		};
/* End XCConfigurationList section */
	};
	rootObject = 626DB892186A75380093A93D /* Project object */;
}
