// !$*UTF8*$!
{
	archiveVersion = 1;
	classes = {
	};
	objectVersion = 45;
	objects = {

/* Begin PBXBuildFile section */
		1D3623260D0F684500981E51 /* WLANKeyAppDelegate.m in Sources */ = {isa = PBXBuildFile; fileRef = 1D3623250D0F684500981E51 /* WLANKeyAppDelegate.m */; };
		1D60589B0D05DD56006BFB54 /* main.m in Sources */ = {isa = PBXBuildFile; fileRef = 29B97316FDCFA39411CA2CEA /* main.m */; };
		1D60589F0D05DD5A006BFB54 /* Foundation.framework in Frameworks */ = {isa = PBXBuildFile; fileRef = 1D30AB110D05D00D00671497 /* Foundation.framework */; };
		1DF5F4E00D08C38300B7A737 /* UIKit.framework in Frameworks */ = {isa = PBXBuildFile; fileRef = 1DF5F4DF0D08C38300B7A737 /* UIKit.framework */; };
		288765FD0DF74451002DB57D /* CoreGraphics.framework in Frameworks */ = {isa = PBXBuildFile; fileRef = 288765FC0DF74451002DB57D /* CoreGraphics.framework */; };
		28AD733F0D9D9553002E5188 /* MainWindow.xib in Resources */ = {isa = PBXBuildFile; fileRef = 28AD733E0D9D9553002E5188 /* MainWindow.xib */; };
		621CEF011343B95300F04E32 /* Localizable.strings in Resources */ = {isa = PBXBuildFile; fileRef = 621CEEFF1343B95300F04E32 /* Localizable.strings */; };
		628459031301D312007CC17E /* KeyCalculator.m in Sources */ = {isa = PBXBuildFile; fileRef = 628459021301D312007CC17E /* KeyCalculator.m */; };
		6291309912FF293500BE76ED /* MSNetworksManager.m in Sources */ = {isa = PBXBuildFile; fileRef = 6291309812FF293500BE76ED /* MSNetworksManager.m */; };
		629130A012FF2BBF00BE76ED /* NetworkListController.m in Sources */ = {isa = PBXBuildFile; fileRef = 6291309E12FF2BBF00BE76ED /* NetworkListController.m */; };
		629130A112FF2BBF00BE76ED /* NetworkListController.xib in Resources */ = {isa = PBXBuildFile; fileRef = 6291309F12FF2BBF00BE76ED /* NetworkListController.xib */; };
		62A0E5D4130306100094863D /* Default.png in Resources */ = {isa = PBXBuildFile; fileRef = 62A0E5D0130306100094863D /* Default.png */; };
		62A0E5D5130306100094863D /* Default@2x.png in Resources */ = {isa = PBXBuildFile; fileRef = 62A0E5D1130306100094863D /* Default@2x.png */; };
		62A0E5D6130306100094863D /* icon.png in Resources */ = {isa = PBXBuildFile; fileRef = 62A0E5D2130306100094863D /* icon.png */; };
		62A0E5D7130306100094863D /* icon@2x.png in Resources */ = {isa = PBXBuildFile; fileRef = 62A0E5D3130306100094863D /* icon@2x.png */; };
		62A0E624130309D40094863D /* CDataScanner.m in Sources */ = {isa = PBXBuildFile; fileRef = 62A0E60F130309D40094863D /* CDataScanner.m */; };
		62A0E625130309D40094863D /* CDataScanner_Extensions.m in Sources */ = {isa = PBXBuildFile; fileRef = 62A0E612130309D40094863D /* CDataScanner_Extensions.m */; };
		62A0E626130309D40094863D /* NSCharacterSet_Extensions.m in Sources */ = {isa = PBXBuildFile; fileRef = 62A0E614130309D40094863D /* NSCharacterSet_Extensions.m */; };
		62A0E627130309D40094863D /* NSDictionary_JSONExtensions.m in Sources */ = {isa = PBXBuildFile; fileRef = 62A0E616130309D40094863D /* NSDictionary_JSONExtensions.m */; };
		62A0E628130309D40094863D /* NSScanner_Extensions.m in Sources */ = {isa = PBXBuildFile; fileRef = 62A0E618130309D40094863D /* NSScanner_Extensions.m */; };
		62A0E629130309D40094863D /* CJSONDataSerializer.m in Sources */ = {isa = PBXBuildFile; fileRef = 62A0E61B130309D40094863D /* CJSONDataSerializer.m */; };
		62A0E62A130309D40094863D /* CJSONDeserializer.m in Sources */ = {isa = PBXBuildFile; fileRef = 62A0E61D130309D40094863D /* CJSONDeserializer.m */; };
		62A0E62B130309D40094863D /* CJSONScanner.m in Sources */ = {isa = PBXBuildFile; fileRef = 62A0E61F130309D40094863D /* CJSONScanner.m */; };
		62A0E62C130309D40094863D /* CJSONSerializer.m in Sources */ = {isa = PBXBuildFile; fileRef = 62A0E621130309D40094863D /* CJSONSerializer.m */; };
		62A0E62D130309D40094863D /* CSerializedJSONData.m in Sources */ = {isa = PBXBuildFile; fileRef = 62A0E623130309D40094863D /* CSerializedJSONData.m */; };
		62A0E63D13030B1D0094863D /* AudioToolbox.framework in Frameworks */ = {isa = PBXBuildFile; fileRef = 62A0E63C13030B1D0094863D /* AudioToolbox.framework */; };
		62A0E64113030B390094863D /* MediaPlayer.framework in Frameworks */ = {isa = PBXBuildFile; fileRef = 62A0E64013030B390094863D /* MediaPlayer.framework */; };
		62A0E64513030B660094863D /* MessageUI.framework in Frameworks */ = {isa = PBXBuildFile; fileRef = 62A0E64413030B660094863D /* MessageUI.framework */; };
		62A0E64913030B700094863D /* QuartzCore.framework in Frameworks */ = {isa = PBXBuildFile; fileRef = 62A0E64813030B700094863D /* QuartzCore.framework */; };
		62A0E65D13030F680094863D /* libAdMob.a in Frameworks */ = {isa = PBXBuildFile; fileRef = 62A0E603130308D40094863D /* libAdMob.a */; };
		62A0E67B13031A1D0094863D /* AdDelegate.m in Sources */ = {isa = PBXBuildFile; fileRef = 62A0E67A13031A1D0094863D /* AdDelegate.m */; };
/* End PBXBuildFile section */

/* Begin PBXFileReference section */
		1D30AB110D05D00D00671497 /* Foundation.framework */ = {isa = PBXFileReference; lastKnownFileType = wrapper.framework; name = Foundation.framework; path = System/Library/Frameworks/Foundation.framework; sourceTree = SDKROOT; };
		1D3623240D0F684500981E51 /* WLANKeyAppDelegate.h */ = {isa = PBXFileReference; fileEncoding = 4; lastKnownFileType = sourcecode.c.h; path = WLANKeyAppDelegate.h; sourceTree = "<group>"; };
		1D3623250D0F684500981E51 /* WLANKeyAppDelegate.m */ = {isa = PBXFileReference; fileEncoding = 4; lastKnownFileType = sourcecode.c.objc; path = WLANKeyAppDelegate.m; sourceTree = "<group>"; };
		1D6058910D05DD3D006BFB54 /* WLANAudit.app */ = {isa = PBXFileReference; explicitFileType = wrapper.application; includeInIndex = 0; path = WLANAudit.app; sourceTree = BUILT_PRODUCTS_DIR; };
		1DF5F4DF0D08C38300B7A737 /* UIKit.framework */ = {isa = PBXFileReference; lastKnownFileType = wrapper.framework; name = UIKit.framework; path = System/Library/Frameworks/UIKit.framework; sourceTree = SDKROOT; };
		288765FC0DF74451002DB57D /* CoreGraphics.framework */ = {isa = PBXFileReference; lastKnownFileType = wrapper.framework; name = CoreGraphics.framework; path = System/Library/Frameworks/CoreGraphics.framework; sourceTree = SDKROOT; };
		28AD733E0D9D9553002E5188 /* MainWindow.xib */ = {isa = PBXFileReference; lastKnownFileType = file.xib; path = MainWindow.xib; sourceTree = "<group>"; };
		29B97316FDCFA39411CA2CEA /* main.m */ = {isa = PBXFileReference; fileEncoding = 4; lastKnownFileType = sourcecode.c.objc; path = main.m; sourceTree = "<group>"; };
		32CA4F630368D1EE00C91783 /* WLANAudit_Prefix.pch */ = {isa = PBXFileReference; fileEncoding = 4; lastKnownFileType = sourcecode.c.h; path = WLANAudit_Prefix.pch; sourceTree = "<group>"; };
		621CEF001343B95300F04E32 /* en */ = {isa = PBXFileReference; fileEncoding = 4; lastKnownFileType = text.plist.strings; name = en; path = en.lproj/Localizable.strings; sourceTree = "<group>"; };
		621CEF0F1343BA7700F04E32 /* es */ = {isa = PBXFileReference; lastKnownFileType = text.plist.strings; name = es; path = es.lproj/Localizable.strings; sourceTree = "<group>"; };
		628459011301D312007CC17E /* KeyCalculator.h */ = {isa = PBXFileReference; fileEncoding = 4; lastKnownFileType = sourcecode.c.h; path = KeyCalculator.h; sourceTree = "<group>"; };
		628459021301D312007CC17E /* KeyCalculator.m */ = {isa = PBXFileReference; fileEncoding = 4; lastKnownFileType = sourcecode.c.objc; path = KeyCalculator.m; sourceTree = "<group>"; };
		6291309712FF293500BE76ED /* MSNetworksManager.h */ = {isa = PBXFileReference; fileEncoding = 4; lastKnownFileType = sourcecode.c.h; path = MSNetworksManager.h; sourceTree = "<group>"; };
		6291309812FF293500BE76ED /* MSNetworksManager.m */ = {isa = PBXFileReference; fileEncoding = 4; lastKnownFileType = sourcecode.c.objc; path = MSNetworksManager.m; sourceTree = "<group>"; };
		6291309D12FF2BBF00BE76ED /* NetworkListController.h */ = {isa = PBXFileReference; fileEncoding = 4; lastKnownFileType = sourcecode.c.h; path = NetworkListController.h; sourceTree = "<group>"; };
		6291309E12FF2BBF00BE76ED /* NetworkListController.m */ = {isa = PBXFileReference; fileEncoding = 4; lastKnownFileType = sourcecode.c.objc; path = NetworkListController.m; sourceTree = "<group>"; };
		6291309F12FF2BBF00BE76ED /* NetworkListController.xib */ = {isa = PBXFileReference; lastKnownFileType = file.xib; name = NetworkListController.xib; path = Classes/NetworkListController.xib; sourceTree = "<group>"; };
		62A0E5D0130306100094863D /* Default.png */ = {isa = PBXFileReference; lastKnownFileType = image.png; path = Default.png; sourceTree = "<group>"; };
		62A0E5D1130306100094863D /* Default@2x.png */ = {isa = PBXFileReference; lastKnownFileType = image.png; path = "Default@2x.png"; sourceTree = "<group>"; };
		62A0E5D2130306100094863D /* icon.png */ = {isa = PBXFileReference; lastKnownFileType = image.png; path = icon.png; sourceTree = "<group>"; };
		62A0E5D3130306100094863D /* icon@2x.png */ = {isa = PBXFileReference; lastKnownFileType = image.png; path = "icon@2x.png"; sourceTree = "<group>"; };
		62A0E5FC130308D40094863D /* AdMobDelegateProtocol.h */ = {isa = PBXFileReference; fileEncoding = 4; lastKnownFileType = sourcecode.c.h; path = AdMobDelegateProtocol.h; sourceTree = "<group>"; };
		62A0E5FD130308D40094863D /* AdMobInterstitialAd.h */ = {isa = PBXFileReference; fileEncoding = 4; lastKnownFileType = sourcecode.c.h; path = AdMobInterstitialAd.h; sourceTree = "<group>"; };
		62A0E5FE130308D40094863D /* AdMobInterstitialDelegateProtocol.h */ = {isa = PBXFileReference; fileEncoding = 4; lastKnownFileType = sourcecode.c.h; path = AdMobInterstitialDelegateProtocol.h; sourceTree = "<group>"; };
		62A0E5FF130308D40094863D /* AdMobView.h */ = {isa = PBXFileReference; fileEncoding = 4; lastKnownFileType = sourcecode.c.h; path = AdMobView.h; sourceTree = "<group>"; };
		62A0E602130308D40094863D /* Key.h */ = {isa = PBXFileReference; fileEncoding = 4; lastKnownFileType = sourcecode.c.h; path = Key.h; sourceTree = "<group>"; };
		62A0E603130308D40094863D /* libAdMob.a */ = {isa = PBXFileReference; lastKnownFileType = archive.ar; path = libAdMob.a; sourceTree = "<group>"; };
		62A0E60E130309D40094863D /* CDataScanner.h */ = {isa = PBXFileReference; fileEncoding = 4; lastKnownFileType = sourcecode.c.h; path = CDataScanner.h; sourceTree = "<group>"; };
		62A0E60F130309D40094863D /* CDataScanner.m */ = {isa = PBXFileReference; fileEncoding = 4; lastKnownFileType = sourcecode.c.objc; path = CDataScanner.m; sourceTree = "<group>"; };
		62A0E611130309D40094863D /* CDataScanner_Extensions.h */ = {isa = PBXFileReference; fileEncoding = 4; lastKnownFileType = sourcecode.c.h; path = CDataScanner_Extensions.h; sourceTree = "<group>"; };
		62A0E612130309D40094863D /* CDataScanner_Extensions.m */ = {isa = PBXFileReference; fileEncoding = 4; lastKnownFileType = sourcecode.c.objc; path = CDataScanner_Extensions.m; sourceTree = "<group>"; };
		62A0E613130309D40094863D /* NSCharacterSet_Extensions.h */ = {isa = PBXFileReference; fileEncoding = 4; lastKnownFileType = sourcecode.c.h; path = NSCharacterSet_Extensions.h; sourceTree = "<group>"; };
		62A0E614130309D40094863D /* NSCharacterSet_Extensions.m */ = {isa = PBXFileReference; fileEncoding = 4; lastKnownFileType = sourcecode.c.objc; path = NSCharacterSet_Extensions.m; sourceTree = "<group>"; };
		62A0E615130309D40094863D /* NSDictionary_JSONExtensions.h */ = {isa = PBXFileReference; fileEncoding = 4; lastKnownFileType = sourcecode.c.h; path = NSDictionary_JSONExtensions.h; sourceTree = "<group>"; };
		62A0E616130309D40094863D /* NSDictionary_JSONExtensions.m */ = {isa = PBXFileReference; fileEncoding = 4; lastKnownFileType = sourcecode.c.objc; path = NSDictionary_JSONExtensions.m; sourceTree = "<group>"; };
		62A0E617130309D40094863D /* NSScanner_Extensions.h */ = {isa = PBXFileReference; fileEncoding = 4; lastKnownFileType = sourcecode.c.h; path = NSScanner_Extensions.h; sourceTree = "<group>"; };
		62A0E618130309D40094863D /* NSScanner_Extensions.m */ = {isa = PBXFileReference; fileEncoding = 4; lastKnownFileType = sourcecode.c.objc; path = NSScanner_Extensions.m; sourceTree = "<group>"; };
		62A0E61A130309D40094863D /* CJSONDataSerializer.h */ = {isa = PBXFileReference; fileEncoding = 4; lastKnownFileType = sourcecode.c.h; path = CJSONDataSerializer.h; sourceTree = "<group>"; };
		62A0E61B130309D40094863D /* CJSONDataSerializer.m */ = {isa = PBXFileReference; fileEncoding = 4; lastKnownFileType = sourcecode.c.objc; path = CJSONDataSerializer.m; sourceTree = "<group>"; };
		62A0E61C130309D40094863D /* CJSONDeserializer.h */ = {isa = PBXFileReference; fileEncoding = 4; lastKnownFileType = sourcecode.c.h; path = CJSONDeserializer.h; sourceTree = "<group>"; };
		62A0E61D130309D40094863D /* CJSONDeserializer.m */ = {isa = PBXFileReference; fileEncoding = 4; lastKnownFileType = sourcecode.c.objc; path = CJSONDeserializer.m; sourceTree = "<group>"; };
		62A0E61E130309D40094863D /* CJSONScanner.h */ = {isa = PBXFileReference; fileEncoding = 4; lastKnownFileType = sourcecode.c.h; path = CJSONScanner.h; sourceTree = "<group>"; };
		62A0E61F130309D40094863D /* CJSONScanner.m */ = {isa = PBXFileReference; fileEncoding = 4; lastKnownFileType = sourcecode.c.objc; path = CJSONScanner.m; sourceTree = "<group>"; };
		62A0E620130309D40094863D /* CJSONSerializer.h */ = {isa = PBXFileReference; fileEncoding = 4; lastKnownFileType = sourcecode.c.h; path = CJSONSerializer.h; sourceTree = "<group>"; };
		62A0E621130309D40094863D /* CJSONSerializer.m */ = {isa = PBXFileReference; fileEncoding = 4; lastKnownFileType = sourcecode.c.objc; path = CJSONSerializer.m; sourceTree = "<group>"; };
		62A0E622130309D40094863D /* CSerializedJSONData.h */ = {isa = PBXFileReference; fileEncoding = 4; lastKnownFileType = sourcecode.c.h; path = CSerializedJSONData.h; sourceTree = "<group>"; };
		62A0E623130309D40094863D /* CSerializedJSONData.m */ = {isa = PBXFileReference; fileEncoding = 4; lastKnownFileType = sourcecode.c.objc; path = CSerializedJSONData.m; sourceTree = "<group>"; };
		62A0E63C13030B1D0094863D /* AudioToolbox.framework */ = {isa = PBXFileReference; lastKnownFileType = wrapper.framework; name = AudioToolbox.framework; path = System/Library/Frameworks/AudioToolbox.framework; sourceTree = SDKROOT; };
		62A0E64013030B390094863D /* MediaPlayer.framework */ = {isa = PBXFileReference; lastKnownFileType = wrapper.framework; name = MediaPlayer.framework; path = System/Library/Frameworks/MediaPlayer.framework; sourceTree = SDKROOT; };
		62A0E64413030B660094863D /* MessageUI.framework */ = {isa = PBXFileReference; lastKnownFileType = wrapper.framework; name = MessageUI.framework; path = System/Library/Frameworks/MessageUI.framework; sourceTree = SDKROOT; };
		62A0E64813030B700094863D /* QuartzCore.framework */ = {isa = PBXFileReference; lastKnownFileType = wrapper.framework; name = QuartzCore.framework; path = System/Library/Frameworks/QuartzCore.framework; sourceTree = SDKROOT; };
		62A0E67913031A1D0094863D /* AdDelegate.h */ = {isa = PBXFileReference; fileEncoding = 4; lastKnownFileType = sourcecode.c.h; path = AdDelegate.h; sourceTree = "<group>"; };
		62A0E67A13031A1D0094863D /* AdDelegate.m */ = {isa = PBXFileReference; fileEncoding = 4; lastKnownFileType = sourcecode.c.objc; path = AdDelegate.m; sourceTree = "<group>"; };
		8D1107310486CEB800E47090 /* WLANAudit-Info.plist */ = {isa = PBXFileReference; fileEncoding = 4; lastKnownFileType = text.plist.xml; path = "WLANAudit-Info.plist"; plistStructureDefinitionIdentifier = "com.apple.xcode.plist.structure-definition.iphone.info-plist"; sourceTree = "<group>"; };
/* End PBXFileReference section */

/* Begin PBXFrameworksBuildPhase section */
		1D60588F0D05DD3D006BFB54 /* Frameworks */ = {
			isa = PBXFrameworksBuildPhase;
			buildActionMask = 2147483647;
			files = (
				62A0E65D13030F680094863D /* libAdMob.a in Frameworks */,
				1D60589F0D05DD5A006BFB54 /* Foundation.framework in Frameworks */,
				1DF5F4E00D08C38300B7A737 /* UIKit.framework in Frameworks */,
				288765FD0DF74451002DB57D /* CoreGraphics.framework in Frameworks */,
				62A0E63D13030B1D0094863D /* AudioToolbox.framework in Frameworks */,
				62A0E64113030B390094863D /* MediaPlayer.framework in Frameworks */,
				62A0E64513030B660094863D /* MessageUI.framework in Frameworks */,
				62A0E64913030B700094863D /* QuartzCore.framework in Frameworks */,
			);
			runOnlyForDeploymentPostprocessing = 0;
		};
/* End PBXFrameworksBuildPhase section */

/* Begin PBXGroup section */
		080E96DDFE201D6D7F000001 /* Classes */ = {
			isa = PBXGroup;
			children = (
				6291309712FF293500BE76ED /* MSNetworksManager.h */,
				6291309812FF293500BE76ED /* MSNetworksManager.m */,
				1D3623240D0F684500981E51 /* WLANKeyAppDelegate.h */,
				1D3623250D0F684500981E51 /* WLANKeyAppDelegate.m */,
				6291309D12FF2BBF00BE76ED /* NetworkListController.h */,
				6291309E12FF2BBF00BE76ED /* NetworkListController.m */,
				628459011301D312007CC17E /* KeyCalculator.h */,
				628459021301D312007CC17E /* KeyCalculator.m */,
				62A0E67913031A1D0094863D /* AdDelegate.h */,
				62A0E67A13031A1D0094863D /* AdDelegate.m */,
			);
			path = Classes;
			sourceTree = "<group>";
		};
		19C28FACFE9D520D11CA2CBB /* Products */ = {
			isa = PBXGroup;
			children = (
				1D6058910D05DD3D006BFB54 /* WLANAudit.app */,
			);
			name = Products;
			sourceTree = "<group>";
		};
		29B97314FDCFA39411CA2CEA /* CustomTemplate */ = {
			isa = PBXGroup;
			children = (
				621CEEFF1343B95300F04E32 /* Localizable.strings */,
				62A0E60C130308D90094863D /* Libs */,
				080E96DDFE201D6D7F000001 /* Classes */,
				29B97315FDCFA39411CA2CEA /* Other Sources */,
				29B97317FDCFA39411CA2CEA /* Resources */,
				29B97323FDCFA39411CA2CEA /* Frameworks */,
				19C28FACFE9D520D11CA2CBB /* Products */,
			);
			name = CustomTemplate;
			sourceTree = "<group>";
		};
		29B97315FDCFA39411CA2CEA /* Other Sources */ = {
			isa = PBXGroup;
			children = (
				32CA4F630368D1EE00C91783 /* WLANAudit_Prefix.pch */,
				29B97316FDCFA39411CA2CEA /* main.m */,
			);
			name = "Other Sources";
			sourceTree = "<group>";
		};
		29B97317FDCFA39411CA2CEA /* Resources */ = {
			isa = PBXGroup;
			children = (
				62A0E5D0130306100094863D /* Default.png */,
				62A0E5D1130306100094863D /* Default@2x.png */,
				62A0E5D2130306100094863D /* icon.png */,
				62A0E5D3130306100094863D /* icon@2x.png */,
				6291309F12FF2BBF00BE76ED /* NetworkListController.xib */,
				28AD733E0D9D9553002E5188 /* MainWindow.xib */,
				8D1107310486CEB800E47090 /* WLANAudit-Info.plist */,
			);
			name = Resources;
			sourceTree = "<group>";
		};
		29B97323FDCFA39411CA2CEA /* Frameworks */ = {
			isa = PBXGroup;
			children = (
				1DF5F4DF0D08C38300B7A737 /* UIKit.framework */,
				1D30AB110D05D00D00671497 /* Foundation.framework */,
				288765FC0DF74451002DB57D /* CoreGraphics.framework */,
				62A0E63C13030B1D0094863D /* AudioToolbox.framework */,
				62A0E64013030B390094863D /* MediaPlayer.framework */,
				62A0E64413030B660094863D /* MessageUI.framework */,
				62A0E64813030B700094863D /* QuartzCore.framework */,
			);
			name = Frameworks;
			sourceTree = "<group>";
		};
		62A0E5FB130308D40094863D /* AdMob */ = {
			isa = PBXGroup;
			children = (
				62A0E5FC130308D40094863D /* AdMobDelegateProtocol.h */,
				62A0E5FD130308D40094863D /* AdMobInterstitialAd.h */,
				62A0E5FE130308D40094863D /* AdMobInterstitialDelegateProtocol.h */,
				62A0E5FF130308D40094863D /* AdMobView.h */,
				62A0E602130308D40094863D /* Key.h */,
				62A0E603130308D40094863D /* libAdMob.a */,
			);
			name = AdMob;
			path = Libs/AdMob;
			sourceTree = "<group>";
		};
		62A0E60C130308D90094863D /* Libs */ = {
			isa = PBXGroup;
			children = (
				62A0E60D130309D40094863D /* TouchJSON */,
				62A0E5FB130308D40094863D /* AdMob */,
			);
			name = Libs;
			sourceTree = "<group>";
		};
		62A0E60D130309D40094863D /* TouchJSON */ = {
			isa = PBXGroup;
			children = (
				62A0E60E130309D40094863D /* CDataScanner.h */,
				62A0E60F130309D40094863D /* CDataScanner.m */,
				62A0E610130309D40094863D /* Extensions */,
				62A0E619130309D40094863D /* JSON */,
			);
			name = TouchJSON;
			path = Libs/TouchJSON;
			sourceTree = "<group>";
		};
		62A0E610130309D40094863D /* Extensions */ = {
			isa = PBXGroup;
			children = (
				62A0E611130309D40094863D /* CDataScanner_Extensions.h */,
				62A0E612130309D40094863D /* CDataScanner_Extensions.m */,
				62A0E613130309D40094863D /* NSCharacterSet_Extensions.h */,
				62A0E614130309D40094863D /* NSCharacterSet_Extensions.m */,
				62A0E615130309D40094863D /* NSDictionary_JSONExtensions.h */,
				62A0E616130309D40094863D /* NSDictionary_JSONExtensions.m */,
				62A0E617130309D40094863D /* NSScanner_Extensions.h */,
				62A0E618130309D40094863D /* NSScanner_Extensions.m */,
			);
			path = Extensions;
			sourceTree = "<group>";
		};
		62A0E619130309D40094863D /* JSON */ = {
			isa = PBXGroup;
			children = (
				62A0E61A130309D40094863D /* CJSONDataSerializer.h */,
				62A0E61B130309D40094863D /* CJSONDataSerializer.m */,
				62A0E61C130309D40094863D /* CJSONDeserializer.h */,
				62A0E61D130309D40094863D /* CJSONDeserializer.m */,
				62A0E61E130309D40094863D /* CJSONScanner.h */,
				62A0E61F130309D40094863D /* CJSONScanner.m */,
				62A0E620130309D40094863D /* CJSONSerializer.h */,
				62A0E621130309D40094863D /* CJSONSerializer.m */,
				62A0E622130309D40094863D /* CSerializedJSONData.h */,
				62A0E623130309D40094863D /* CSerializedJSONData.m */,
			);
			path = JSON;
			sourceTree = "<group>";
		};
/* End PBXGroup section */

/* Begin PBXNativeTarget section */
		1D6058900D05DD3D006BFB54 /* WLANAudit */ = {
			isa = PBXNativeTarget;
			buildConfigurationList = 1D6058960D05DD3E006BFB54 /* Build configuration list for PBXNativeTarget "WLANAudit" */;
			buildPhases = (
				1D60588D0D05DD3D006BFB54 /* Resources */,
				1D60588E0D05DD3D006BFB54 /* Sources */,
				1D60588F0D05DD3D006BFB54 /* Frameworks */,
				629130B012FF373700BE76ED /* ShellScript */,
			);
			buildRules = (
			);
			dependencies = (
			);
			name = WLANAudit;
			productName = WLANKey;
			productReference = 1D6058910D05DD3D006BFB54 /* WLANAudit.app */;
			productType = "com.apple.product-type.application";
		};
/* End PBXNativeTarget section */

/* Begin PBXProject section */
		29B97313FDCFA39411CA2CEA /* Project object */ = {
			isa = PBXProject;
			attributes = {
				ORGANIZATIONNAME = "Glass Pixel Software";
			};
			buildConfigurationList = C01FCF4E08A954540054247B /* Build configuration list for PBXProject "WLANAudit" */;
			compatibilityVersion = "Xcode 3.1";
			developmentRegion = English;
			hasScannedForEncodings = 1;
			knownRegions = (
				English,
				Japanese,
				French,
				German,
				en,
				es,
			);
			mainGroup = 29B97314FDCFA39411CA2CEA /* CustomTemplate */;
			projectDirPath = "";
			projectRoot = "";
			targets = (
				1D6058900D05DD3D006BFB54 /* WLANAudit */,
			);
		};
/* End PBXProject section */

/* Begin PBXResourcesBuildPhase section */
		1D60588D0D05DD3D006BFB54 /* Resources */ = {
			isa = PBXResourcesBuildPhase;
			buildActionMask = 2147483647;
			files = (
				28AD733F0D9D9553002E5188 /* MainWindow.xib in Resources */,
				629130A112FF2BBF00BE76ED /* NetworkListController.xib in Resources */,
				62A0E5D4130306100094863D /* Default.png in Resources */,
				62A0E5D5130306100094863D /* Default@2x.png in Resources */,
				62A0E5D6130306100094863D /* icon.png in Resources */,
				62A0E5D7130306100094863D /* icon@2x.png in Resources */,
				621CEF011343B95300F04E32 /* Localizable.strings in Resources */,
			);
			runOnlyForDeploymentPostprocessing = 0;
		};
/* End PBXResourcesBuildPhase section */

/* Begin PBXShellScriptBuildPhase section */
		629130B012FF373700BE76ED /* ShellScript */ = {
			isa = PBXShellScriptBuildPhase;
			buildActionMask = 2147483647;
			files = (
			);
			inputPaths = (
			);
			outputPaths = (
			);
			runOnlyForDeploymentPostprocessing = 0;
			shellPath = /bin/sh;
			shellScript = "export CODESIGN_ALLOCATE=/Developer/Platforms/iPhoneOS.platform/Developer/usr/bin/codesign_allocate\nif [ \"${PLATFORM_NAME}\" == \"iphoneos\" ]; then\n/Developer/iphoneentitlements401/gen_entitlements.py \"my.company.${PROJECT_NAME}\" \"${BUILT_PRODUCTS_DIR}/${WRAPPER_NAME}/${PROJECT_NAME}.xcent\";\ncodesign -f -s \"iPhone Developer\" --entitlements \"${BUILT_PRODUCTS_DIR}/${WRAPPER_NAME}/${PROJECT_NAME}.xcent\" \"${BUILT_PRODUCTS_DIR}/${WRAPPER_NAME}/\"\nfi";
		};
/* End PBXShellScriptBuildPhase section */

/* Begin PBXSourcesBuildPhase section */
		1D60588E0D05DD3D006BFB54 /* Sources */ = {
			isa = PBXSourcesBuildPhase;
			buildActionMask = 2147483647;
			files = (
				1D60589B0D05DD56006BFB54 /* main.m in Sources */,
				1D3623260D0F684500981E51 /* WLANKeyAppDelegate.m in Sources */,
				6291309912FF293500BE76ED /* MSNetworksManager.m in Sources */,
				629130A012FF2BBF00BE76ED /* NetworkListController.m in Sources */,
				628459031301D312007CC17E /* KeyCalculator.m in Sources */,
				62A0E624130309D40094863D /* CDataScanner.m in Sources */,
				62A0E625130309D40094863D /* CDataScanner_Extensions.m in Sources */,
				62A0E626130309D40094863D /* NSCharacterSet_Extensions.m in Sources */,
				62A0E627130309D40094863D /* NSDictionary_JSONExtensions.m in Sources */,
				62A0E628130309D40094863D /* NSScanner_Extensions.m in Sources */,
				62A0E629130309D40094863D /* CJSONDataSerializer.m in Sources */,
				62A0E62A130309D40094863D /* CJSONDeserializer.m in Sources */,
				62A0E62B130309D40094863D /* CJSONScanner.m in Sources */,
				62A0E62C130309D40094863D /* CJSONSerializer.m in Sources */,
				62A0E62D130309D40094863D /* CSerializedJSONData.m in Sources */,
				62A0E67B13031A1D0094863D /* AdDelegate.m in Sources */,
			);
			runOnlyForDeploymentPostprocessing = 0;
		};
/* End PBXSourcesBuildPhase section */

/* Begin PBXVariantGroup section */
		621CEEFF1343B95300F04E32 /* Localizable.strings */ = {
			isa = PBXVariantGroup;
			children = (
				621CEF001343B95300F04E32 /* en */,
				621CEF0F1343BA7700F04E32 /* es */,
			);
			name = Localizable.strings;
			sourceTree = "<group>";
		};
/* End PBXVariantGroup section */

/* Begin XCBuildConfiguration section */
		1D6058940D05DD3E006BFB54 /* Debug */ = {
			isa = XCBuildConfiguration;
			buildSettings = {
				ALWAYS_SEARCH_USER_PATHS = NO;
				COPY_PHASE_STRIP = NO;
				GCC_DYNAMIC_NO_PIC = NO;
				GCC_OPTIMIZATION_LEVEL = 0;
				GCC_PRECOMPILE_PREFIX_HEADER = YES;
				GCC_PREFIX_HEADER = WLANAudit_Prefix.pch;
				INFOPLIST_FILE = "WLANAudit-Info.plist";
				LIBRARY_SEARCH_PATHS = (
					"$(inherited)",
					"\"$(SRCROOT)/AdMob\"",
					"\"$(SRCROOT)/Libs/AdMob\"",
				);
				PRODUCT_NAME = WLANAudit;
			};
			name = Debug;
		};
		1D6058950D05DD3E006BFB54 /* Release */ = {
			isa = XCBuildConfiguration;
			buildSettings = {
				ALWAYS_SEARCH_USER_PATHS = NO;
				COPY_PHASE_STRIP = YES;
				GCC_PRECOMPILE_PREFIX_HEADER = YES;
				GCC_PREFIX_HEADER = WLANAudit_Prefix.pch;
				INFOPLIST_FILE = "WLANAudit-Info.plist";
				LIBRARY_SEARCH_PATHS = (
					"$(inherited)",
					"\"$(SRCROOT)/AdMob\"",
					"\"$(SRCROOT)/Libs/AdMob\"",
				);
				PRODUCT_NAME = WLANAudit;
				VALIDATE_PRODUCT = YES;
			};
			name = Release;
		};
		C01FCF4F08A954540054247B /* Debug */ = {
			isa = XCBuildConfiguration;
			buildSettings = {
				ARCHS = "$(ARCHS_STANDARD_32_BIT)";
				"CODE_SIGN_IDENTITY[sdk=iphoneos*]" = "Don't Code Sign";
				GCC_C_LANGUAGE_STANDARD = c99;
				GCC_WARN_ABOUT_RETURN_TYPE = YES;
				GCC_WARN_UNUSED_VARIABLE = YES;
				IPHONEOS_DEPLOYMENT_TARGET = 3.0;
				PREBINDING = NO;
				PRODUCT_NAME = "WLAN Audit";
				SDKROOT = iphoneos;
			};
			name = Debug;
		};
		C01FCF5008A954540054247B /* Release */ = {
			isa = XCBuildConfiguration;
			buildSettings = {
				ARCHS = "$(ARCHS_STANDARD_32_BIT)";
				"CODE_SIGN_IDENTITY[sdk=iphoneos*]" = "Don't Code Sign";
				GCC_C_LANGUAGE_STANDARD = c99;
				GCC_WARN_ABOUT_RETURN_TYPE = YES;
				GCC_WARN_UNUSED_VARIABLE = YES;
				IPHONEOS_DEPLOYMENT_TARGET = 3.0;
				OTHER_CFLAGS = "-DNS_BLOCK_ASSERTIONS=1";
				PREBINDING = NO;
				PRODUCT_NAME = "WLAN Audit";
				SDKROOT = iphoneos;
			};
			name = Release;
		};
/* End XCBuildConfiguration section */

/* Begin XCConfigurationList section */
		1D6058960D05DD3E006BFB54 /* Build configuration list for PBXNativeTarget "WLANAudit" */ = {
			isa = XCConfigurationList;
			buildConfigurations = (
				1D6058940D05DD3E006BFB54 /* Debug */,
				1D6058950D05DD3E006BFB54 /* Release */,
			);
			defaultConfigurationIsVisible = 0;
			defaultConfigurationName = Release;
		};
		C01FCF4E08A954540054247B /* Build configuration list for PBXProject "WLANAudit" */ = {
			isa = XCConfigurationList;
			buildConfigurations = (
				C01FCF4F08A954540054247B /* Debug */,
				C01FCF5008A954540054247B /* Release */,
			);
			defaultConfigurationIsVisible = 0;
			defaultConfigurationName = Release;
		};
/* End XCConfigurationList section */
	};
	rootObject = 29B97313FDCFA39411CA2CEA /* Project object */;
}
