// !$*UTF8*$!
{
	archiveVersion = 1;
	classes = {
	};
	objectVersion = 46;
	objects = {

/* Begin PBXBuildFile section */
		1D3623260D0F684500981E51 /* WLANAuditAppDelegate.m in Sources */ = {isa = PBXBuildFile; fileRef = 1D3623250D0F684500981E51 /* WLANAuditAppDelegate.m */; };
		1D60589B0D05DD56006BFB54 /* main.m in Sources */ = {isa = PBXBuildFile; fileRef = 29B97316FDCFA39411CA2CEA /* main.m */; };
		1D60589F0D05DD5A006BFB54 /* Foundation.framework in Frameworks */ = {isa = PBXBuildFile; fileRef = 1D30AB110D05D00D00671497 /* Foundation.framework */; };
		1DF5F4E00D08C38300B7A737 /* UIKit.framework in Frameworks */ = {isa = PBXBuildFile; fileRef = 1DF5F4DF0D08C38300B7A737 /* UIKit.framework */; };
		288765FD0DF74451002DB57D /* CoreGraphics.framework in Frameworks */ = {isa = PBXBuildFile; fileRef = 288765FC0DF74451002DB57D /* CoreGraphics.framework */; };
		28AD733F0D9D9553002E5188 /* MainWindow.xib in Resources */ = {isa = PBXBuildFile; fileRef = 28AD733E0D9D9553002E5188 /* MainWindow.xib */; };
		6212E12314098D0A0079AF6C /* NetworkDetailsController.m in Sources */ = {isa = PBXBuildFile; fileRef = 6212E12114098D0A0079AF6C /* NetworkDetailsController.m */; };
		6212E12414098D0A0079AF6C /* NetworkDetailsController.xib in Resources */ = {isa = PBXBuildFile; fileRef = 6212E12214098D0A0079AF6C /* NetworkDetailsController.xib */; };
		621CEF011343B95300F04E32 /* Localizable.strings in Resources */ = {isa = PBXBuildFile; fileRef = 621CEEFF1343B95300F04E32 /* Localizable.strings */; };
		623A5676138E691000D21FFB /* libGoogleAdMobAds.a in Frameworks */ = {isa = PBXBuildFile; fileRef = 623A5673138E691000D21FFB /* libGoogleAdMobAds.a */; };
		623A5679138E708100D21FFB /* SystemConfiguration.framework in Frameworks */ = {isa = PBXBuildFile; fileRef = 623A5678138E708100D21FFB /* SystemConfiguration.framework */; };
		628459031301D312007CC17E /* WLANXXXXKeyCalculator.m in Sources */ = {isa = PBXBuildFile; fileRef = 628459021301D312007CC17E /* WLANXXXXKeyCalculator.m */; };
		6291309912FF293500BE76ED /* MSNetworksManager.m in Sources */ = {isa = PBXBuildFile; fileRef = 6291309812FF293500BE76ED /* MSNetworksManager.m */; };
		629130A012FF2BBF00BE76ED /* NetworkListController.m in Sources */ = {isa = PBXBuildFile; fileRef = 6291309E12FF2BBF00BE76ED /* NetworkListController.m */; };
		629130A112FF2BBF00BE76ED /* NetworkListController.xib in Resources */ = {isa = PBXBuildFile; fileRef = 6291309F12FF2BBF00BE76ED /* NetworkListController.xib */; };
		629C7C79140853570046AB27 /* KeyListController.m in Sources */ = {isa = PBXBuildFile; fileRef = 629C7C77140853570046AB27 /* KeyListController.m */; };
		629C7C7A140853570046AB27 /* KeyListController.xib in Resources */ = {isa = PBXBuildFile; fileRef = 629C7C78140853570046AB27 /* KeyListController.xib */; };
		62A0E5D4130306100094863D /* Default.png in Resources */ = {isa = PBXBuildFile; fileRef = 62A0E5D0130306100094863D /* Default.png */; };
		62A0E5D5130306100094863D /* Default@2x.png in Resources */ = {isa = PBXBuildFile; fileRef = 62A0E5D1130306100094863D /* Default@2x.png */; };
		62A0E5D6130306100094863D /* icon.png in Resources */ = {isa = PBXBuildFile; fileRef = 62A0E5D2130306100094863D /* icon.png */; };
		62A0E5D7130306100094863D /* icon@2x.png in Resources */ = {isa = PBXBuildFile; fileRef = 62A0E5D3130306100094863D /* icon@2x.png */; };
		62A0E63D13030B1D0094863D /* AudioToolbox.framework in Frameworks */ = {isa = PBXBuildFile; fileRef = 62A0E63C13030B1D0094863D /* AudioToolbox.framework */; };
		62A0E64113030B390094863D /* MediaPlayer.framework in Frameworks */ = {isa = PBXBuildFile; fileRef = 62A0E64013030B390094863D /* MediaPlayer.framework */; };
		62A0E64513030B660094863D /* MessageUI.framework in Frameworks */ = {isa = PBXBuildFile; fileRef = 62A0E64413030B660094863D /* MessageUI.framework */; };
		62A0E67B13031A1D0094863D /* AdDelegate.m in Sources */ = {isa = PBXBuildFile; fileRef = 62A0E67A13031A1D0094863D /* AdDelegate.m */; };
		62C182DE1407072D00052601 /* WiFiXXXXXXKeyCalculator.m in Sources */ = {isa = PBXBuildFile; fileRef = 62C182DD1407072D00052601 /* WiFiXXXXXXKeyCalculator.m */; };
/* End PBXBuildFile section */

/* Begin PBXFileReference section */
		1D30AB110D05D00D00671497 /* Foundation.framework */ = {isa = PBXFileReference; lastKnownFileType = wrapper.framework; name = Foundation.framework; path = System/Library/Frameworks/Foundation.framework; sourceTree = SDKROOT; };
		1D3623240D0F684500981E51 /* WLANAuditAppDelegate.h */ = {isa = PBXFileReference; fileEncoding = 4; lastKnownFileType = sourcecode.c.h; path = WLANAuditAppDelegate.h; sourceTree = "<group>"; };
		1D3623250D0F684500981E51 /* WLANAuditAppDelegate.m */ = {isa = PBXFileReference; fileEncoding = 4; lastKnownFileType = sourcecode.c.objc; path = WLANAuditAppDelegate.m; sourceTree = "<group>"; };
		1D6058910D05DD3D006BFB54 /* WLANAudit.app */ = {isa = PBXFileReference; explicitFileType = wrapper.application; includeInIndex = 0; path = WLANAudit.app; sourceTree = BUILT_PRODUCTS_DIR; };
		1DF5F4DF0D08C38300B7A737 /* UIKit.framework */ = {isa = PBXFileReference; lastKnownFileType = wrapper.framework; name = UIKit.framework; path = System/Library/Frameworks/UIKit.framework; sourceTree = SDKROOT; };
		288765FC0DF74451002DB57D /* CoreGraphics.framework */ = {isa = PBXFileReference; lastKnownFileType = wrapper.framework; name = CoreGraphics.framework; path = System/Library/Frameworks/CoreGraphics.framework; sourceTree = SDKROOT; };
		28AD733E0D9D9553002E5188 /* MainWindow.xib */ = {isa = PBXFileReference; lastKnownFileType = file.xib; path = MainWindow.xib; sourceTree = "<group>"; };
		29B97316FDCFA39411CA2CEA /* main.m */ = {isa = PBXFileReference; fileEncoding = 4; lastKnownFileType = sourcecode.c.objc; path = main.m; sourceTree = "<group>"; };
		32CA4F630368D1EE00C91783 /* WLANAudit_Prefix.pch */ = {isa = PBXFileReference; fileEncoding = 4; lastKnownFileType = sourcecode.c.h; path = WLANAudit_Prefix.pch; sourceTree = "<group>"; };
		6212E12014098D0A0079AF6C /* NetworkDetailsController.h */ = {isa = PBXFileReference; fileEncoding = 4; lastKnownFileType = sourcecode.c.h; path = NetworkDetailsController.h; sourceTree = "<group>"; };
		6212E12114098D0A0079AF6C /* NetworkDetailsController.m */ = {isa = PBXFileReference; fileEncoding = 4; lastKnownFileType = sourcecode.c.objc; path = NetworkDetailsController.m; sourceTree = "<group>"; };
		6212E12214098D0A0079AF6C /* NetworkDetailsController.xib */ = {isa = PBXFileReference; fileEncoding = 4; lastKnownFileType = file.xib; name = NetworkDetailsController.xib; path = Classes/NetworkDetailsController.xib; sourceTree = "<group>"; };
		621CEF001343B95300F04E32 /* en */ = {isa = PBXFileReference; fileEncoding = 4; lastKnownFileType = text.plist.strings; name = en; path = en.lproj/Localizable.strings; sourceTree = "<group>"; };
		621CEF0F1343BA7700F04E32 /* es */ = {isa = PBXFileReference; lastKnownFileType = text.plist.strings; name = es; path = es.lproj/Localizable.strings; sourceTree = "<group>"; };
		623A566B138E691000D21FFB /* GADBannerView.h */ = {isa = PBXFileReference; fileEncoding = 4; lastKnownFileType = sourcecode.c.h; path = GADBannerView.h; sourceTree = "<group>"; };
		623A566C138E691000D21FFB /* GADBannerViewDelegate.h */ = {isa = PBXFileReference; fileEncoding = 4; lastKnownFileType = sourcecode.c.h; path = GADBannerViewDelegate.h; sourceTree = "<group>"; };
		623A566D138E691000D21FFB /* GADInterstitial.h */ = {isa = PBXFileReference; fileEncoding = 4; lastKnownFileType = sourcecode.c.h; path = GADInterstitial.h; sourceTree = "<group>"; };
		623A566E138E691000D21FFB /* GADInterstitialDelegate.h */ = {isa = PBXFileReference; fileEncoding = 4; lastKnownFileType = sourcecode.c.h; path = GADInterstitialDelegate.h; sourceTree = "<group>"; };
		623A566F138E691000D21FFB /* GADRequest.h */ = {isa = PBXFileReference; fileEncoding = 4; lastKnownFileType = sourcecode.c.h; path = GADRequest.h; sourceTree = "<group>"; };
		623A5670138E691000D21FFB /* GADRequestError.h */ = {isa = PBXFileReference; fileEncoding = 4; lastKnownFileType = sourcecode.c.h; path = GADRequestError.h; sourceTree = "<group>"; };
		623A5671138E691000D21FFB /* Key.h */ = {isa = PBXFileReference; fileEncoding = 4; lastKnownFileType = sourcecode.c.h; path = Key.h; sourceTree = "<group>"; };
		623A5672138E691000D21FFB /* Key.h.public */ = {isa = PBXFileReference; fileEncoding = 4; lastKnownFileType = text; path = Key.h.public; sourceTree = "<group>"; };
		623A5673138E691000D21FFB /* libGoogleAdMobAds.a */ = {isa = PBXFileReference; lastKnownFileType = archive.ar; path = libGoogleAdMobAds.a; sourceTree = "<group>"; };
		623A5674138E691000D21FFB /* README.txt */ = {isa = PBXFileReference; fileEncoding = 4; lastKnownFileType = text; path = README.txt; sourceTree = "<group>"; };
		623A5678138E708100D21FFB /* SystemConfiguration.framework */ = {isa = PBXFileReference; lastKnownFileType = wrapper.framework; name = SystemConfiguration.framework; path = System/Library/Frameworks/SystemConfiguration.framework; sourceTree = SDKROOT; };
		628459011301D312007CC17E /* WLANXXXXKeyCalculator.h */ = {isa = PBXFileReference; fileEncoding = 4; lastKnownFileType = sourcecode.c.h; path = WLANXXXXKeyCalculator.h; sourceTree = "<group>"; };
		628459021301D312007CC17E /* WLANXXXXKeyCalculator.m */ = {isa = PBXFileReference; fileEncoding = 4; lastKnownFileType = sourcecode.c.objc; path = WLANXXXXKeyCalculator.m; sourceTree = "<group>"; };
		6291309712FF293500BE76ED /* MSNetworksManager.h */ = {isa = PBXFileReference; fileEncoding = 4; lastKnownFileType = sourcecode.c.h; path = MSNetworksManager.h; sourceTree = "<group>"; };
		6291309812FF293500BE76ED /* MSNetworksManager.m */ = {isa = PBXFileReference; fileEncoding = 4; lastKnownFileType = sourcecode.c.objc; path = MSNetworksManager.m; sourceTree = "<group>"; };
		6291309D12FF2BBF00BE76ED /* NetworkListController.h */ = {isa = PBXFileReference; fileEncoding = 4; lastKnownFileType = sourcecode.c.h; path = NetworkListController.h; sourceTree = "<group>"; };
		6291309E12FF2BBF00BE76ED /* NetworkListController.m */ = {isa = PBXFileReference; fileEncoding = 4; lastKnownFileType = sourcecode.c.objc; path = NetworkListController.m; sourceTree = "<group>"; };
		6291309F12FF2BBF00BE76ED /* NetworkListController.xib */ = {isa = PBXFileReference; lastKnownFileType = file.xib; name = NetworkListController.xib; path = Classes/NetworkListController.xib; sourceTree = "<group>"; };
		629C7C76140853570046AB27 /* KeyListController.h */ = {isa = PBXFileReference; fileEncoding = 4; lastKnownFileType = sourcecode.c.h; path = KeyListController.h; sourceTree = "<group>"; };
		629C7C77140853570046AB27 /* KeyListController.m */ = {isa = PBXFileReference; fileEncoding = 4; lastKnownFileType = sourcecode.c.objc; path = KeyListController.m; sourceTree = "<group>"; };
		629C7C78140853570046AB27 /* KeyListController.xib */ = {isa = PBXFileReference; fileEncoding = 4; lastKnownFileType = file.xib; name = KeyListController.xib; path = Classes/KeyListController.xib; sourceTree = "<group>"; };
		62A0E5D0130306100094863D /* Default.png */ = {isa = PBXFileReference; lastKnownFileType = image.png; path = Default.png; sourceTree = "<group>"; };
		62A0E5D1130306100094863D /* Default@2x.png */ = {isa = PBXFileReference; lastKnownFileType = image.png; path = "Default@2x.png"; sourceTree = "<group>"; };
		62A0E5D2130306100094863D /* icon.png */ = {isa = PBXFileReference; lastKnownFileType = image.png; path = icon.png; sourceTree = "<group>"; };
		62A0E5D3130306100094863D /* icon@2x.png */ = {isa = PBXFileReference; lastKnownFileType = image.png; path = "icon@2x.png"; sourceTree = "<group>"; };
		62A0E63C13030B1D0094863D /* AudioToolbox.framework */ = {isa = PBXFileReference; lastKnownFileType = wrapper.framework; name = AudioToolbox.framework; path = System/Library/Frameworks/AudioToolbox.framework; sourceTree = SDKROOT; };
		62A0E64013030B390094863D /* MediaPlayer.framework */ = {isa = PBXFileReference; lastKnownFileType = wrapper.framework; name = MediaPlayer.framework; path = System/Library/Frameworks/MediaPlayer.framework; sourceTree = SDKROOT; };
		62A0E64413030B660094863D /* MessageUI.framework */ = {isa = PBXFileReference; lastKnownFileType = wrapper.framework; name = MessageUI.framework; path = System/Library/Frameworks/MessageUI.framework; sourceTree = SDKROOT; };
		62A0E64813030B700094863D /* QuartzCore.framework */ = {isa = PBXFileReference; lastKnownFileType = wrapper.framework; name = QuartzCore.framework; path = System/Library/Frameworks/QuartzCore.framework; sourceTree = SDKROOT; };
		62A0E67913031A1D0094863D /* AdDelegate.h */ = {isa = PBXFileReference; fileEncoding = 4; lastKnownFileType = sourcecode.c.h; path = AdDelegate.h; sourceTree = "<group>"; };
		62A0E67A13031A1D0094863D /* AdDelegate.m */ = {isa = PBXFileReference; fileEncoding = 4; lastKnownFileType = sourcecode.c.objc; path = AdDelegate.m; sourceTree = "<group>"; };
		62C182DB1407060E00052601 /* KeyCalculator.h */ = {isa = PBXFileReference; fileEncoding = 4; lastKnownFileType = sourcecode.c.h; path = KeyCalculator.h; sourceTree = "<group>"; };
		62C182DC1407072D00052601 /* WiFiXXXXXXKeyCalculator.h */ = {isa = PBXFileReference; fileEncoding = 4; lastKnownFileType = sourcecode.c.h; path = WiFiXXXXXXKeyCalculator.h; sourceTree = "<group>"; };
		62C182DD1407072D00052601 /* WiFiXXXXXXKeyCalculator.m */ = {isa = PBXFileReference; fileEncoding = 4; lastKnownFileType = sourcecode.c.objc; path = WiFiXXXXXXKeyCalculator.m; sourceTree = "<group>"; };
		8D1107310486CEB800E47090 /* WLANAudit-Info.plist */ = {isa = PBXFileReference; fileEncoding = 4; lastKnownFileType = text.plist.xml; path = "WLANAudit-Info.plist"; plistStructureDefinitionIdentifier = "com.apple.xcode.plist.structure-definition.iphone.info-plist"; sourceTree = "<group>"; };
/* End PBXFileReference section */

/* Begin PBXFrameworksBuildPhase section */
		1D60588F0D05DD3D006BFB54 /* Frameworks */ = {
			isa = PBXFrameworksBuildPhase;
			buildActionMask = 2147483647;
			files = (
				623A5679138E708100D21FFB /* SystemConfiguration.framework in Frameworks */,
				1D60589F0D05DD5A006BFB54 /* Foundation.framework in Frameworks */,
				1DF5F4E00D08C38300B7A737 /* UIKit.framework in Frameworks */,
				288765FD0DF74451002DB57D /* CoreGraphics.framework in Frameworks */,
				62A0E63D13030B1D0094863D /* AudioToolbox.framework in Frameworks */,
				62A0E64113030B390094863D /* MediaPlayer.framework in Frameworks */,
				62A0E64513030B660094863D /* MessageUI.framework in Frameworks */,
				623A5676138E691000D21FFB /* libGoogleAdMobAds.a in Frameworks */,
			);
			runOnlyForDeploymentPostprocessing = 0;
		};
/* End PBXFrameworksBuildPhase section */

/* Begin PBXGroup section */
		080E96DDFE201D6D7F000001 /* Classes */ = {
			isa = PBXGroup;
			children = (
				62FC967D14098B6C0051BB2F /* Ads */,
				62FC967C14098B510051BB2F /* Contrib */,
				62FC967E14098B8D0051BB2F /* Controllers */,
				62FC967B14098ACC0051BB2F /* Key Calculators */,
				1D3623240D0F684500981E51 /* WLANAuditAppDelegate.h */,
				1D3623250D0F684500981E51 /* WLANAuditAppDelegate.m */,
			);
			path = Classes;
			sourceTree = "<group>";
		};
		19C28FACFE9D520D11CA2CBB /* Products */ = {
			isa = PBXGroup;
			children = (
				1D6058910D05DD3D006BFB54 /* WLANAudit.app */,
			);
			name = Products;
			sourceTree = "<group>";
		};
		29B97314FDCFA39411CA2CEA /* CustomTemplate */ = {
			isa = PBXGroup;
			children = (
				62A0E60C130308D90094863D /* Libs */,
				080E96DDFE201D6D7F000001 /* Classes */,
				29B97315FDCFA39411CA2CEA /* Other Sources */,
				29B97317FDCFA39411CA2CEA /* Resources */,
				29B97323FDCFA39411CA2CEA /* Frameworks */,
				19C28FACFE9D520D11CA2CBB /* Products */,
			);
			name = CustomTemplate;
			sourceTree = "<group>";
		};
		29B97315FDCFA39411CA2CEA /* Other Sources */ = {
			isa = PBXGroup;
			children = (
				32CA4F630368D1EE00C91783 /* WLANAudit_Prefix.pch */,
				29B97316FDCFA39411CA2CEA /* main.m */,
			);
			name = "Other Sources";
			sourceTree = "<group>";
		};
		29B97317FDCFA39411CA2CEA /* Resources */ = {
			isa = PBXGroup;
			children = (
				6212E12214098D0A0079AF6C /* NetworkDetailsController.xib */,
				629C7C78140853570046AB27 /* KeyListController.xib */,
				621CEEFF1343B95300F04E32 /* Localizable.strings */,
				62A0E5D0130306100094863D /* Default.png */,
				62A0E5D1130306100094863D /* Default@2x.png */,
				62A0E5D2130306100094863D /* icon.png */,
				62A0E5D3130306100094863D /* icon@2x.png */,
				6291309F12FF2BBF00BE76ED /* NetworkListController.xib */,
				28AD733E0D9D9553002E5188 /* MainWindow.xib */,
				8D1107310486CEB800E47090 /* WLANAudit-Info.plist */,
			);
			name = Resources;
			sourceTree = "<group>";
		};
		29B97323FDCFA39411CA2CEA /* Frameworks */ = {
			isa = PBXGroup;
			children = (
				623A5678138E708100D21FFB /* SystemConfiguration.framework */,
				1DF5F4DF0D08C38300B7A737 /* UIKit.framework */,
				1D30AB110D05D00D00671497 /* Foundation.framework */,
				288765FC0DF74451002DB57D /* CoreGraphics.framework */,
				62A0E63C13030B1D0094863D /* AudioToolbox.framework */,
				62A0E64013030B390094863D /* MediaPlayer.framework */,
				62A0E64413030B660094863D /* MessageUI.framework */,
				62A0E64813030B700094863D /* QuartzCore.framework */,
			);
			name = Frameworks;
			sourceTree = "<group>";
		};
		623A566A138E691000D21FFB /* GoogleAdMobAdsSDK */ = {
			isa = PBXGroup;
			children = (
				623A566B138E691000D21FFB /* GADBannerView.h */,
				623A566C138E691000D21FFB /* GADBannerViewDelegate.h */,
				623A566D138E691000D21FFB /* GADInterstitial.h */,
				623A566E138E691000D21FFB /* GADInterstitialDelegate.h */,
				623A566F138E691000D21FFB /* GADRequest.h */,
				623A5670138E691000D21FFB /* GADRequestError.h */,
				623A5671138E691000D21FFB /* Key.h */,
				623A5672138E691000D21FFB /* Key.h.public */,
				623A5673138E691000D21FFB /* libGoogleAdMobAds.a */,
				623A5674138E691000D21FFB /* README.txt */,
			);
			name = GoogleAdMobAdsSDK;
			path = Libs/GoogleAdMobAdsSDK;
			sourceTree = "<group>";
		};
		62A0E60C130308D90094863D /* Libs */ = {
			isa = PBXGroup;
			children = (
				623A566A138E691000D21FFB /* GoogleAdMobAdsSDK */,
			);
			name = Libs;
			sourceTree = "<group>";
		};
		62FC967B14098ACC0051BB2F /* Key Calculators */ = {
			isa = PBXGroup;
			children = (
				628459011301D312007CC17E /* WLANXXXXKeyCalculator.h */,
				62C182DB1407060E00052601 /* KeyCalculator.h */,
				628459021301D312007CC17E /* WLANXXXXKeyCalculator.m */,
				62C182DD1407072D00052601 /* WiFiXXXXXXKeyCalculator.m */,
				62C182DC1407072D00052601 /* WiFiXXXXXXKeyCalculator.h */,
			);
			name = "Key Calculators";
			sourceTree = "<group>";
		};
		62FC967C14098B510051BB2F /* Contrib */ = {
			isa = PBXGroup;
			children = (
				6291309712FF293500BE76ED /* MSNetworksManager.h */,
				6291309812FF293500BE76ED /* MSNetworksManager.m */,
			);
			name = Contrib;
			sourceTree = "<group>";
		};
		62FC967D14098B6C0051BB2F /* Ads */ = {
			isa = PBXGroup;
			children = (
				62A0E67A13031A1D0094863D /* AdDelegate.m */,
				62A0E67913031A1D0094863D /* AdDelegate.h */,
			);
			name = Ads;
			sourceTree = "<group>";
		};
		62FC967E14098B8D0051BB2F /* Controllers */ = {
			isa = PBXGroup;
			children = (
				6291309D12FF2BBF00BE76ED /* NetworkListController.h */,
				6291309E12FF2BBF00BE76ED /* NetworkListController.m */,
				629C7C76140853570046AB27 /* KeyListController.h */,
				629C7C77140853570046AB27 /* KeyListController.m */,
				6212E12014098D0A0079AF6C /* NetworkDetailsController.h */,
				6212E12114098D0A0079AF6C /* NetworkDetailsController.m */,
			);
			name = Controllers;
			sourceTree = "<group>";
		};
/* End PBXGroup section */

/* Begin PBXNativeTarget section */
		1D6058900D05DD3D006BFB54 /* WLANAudit */ = {
			isa = PBXNativeTarget;
			buildConfigurationList = 1D6058960D05DD3E006BFB54 /* Build configuration list for PBXNativeTarget "WLANAudit" */;
			buildPhases = (
				1D60588D0D05DD3D006BFB54 /* Resources */,
				1D60588E0D05DD3D006BFB54 /* Sources */,
				1D60588F0D05DD3D006BFB54 /* Frameworks */,
				629130B012FF373700BE76ED /* ShellScript */,
			);
			buildRules = (
			);
			dependencies = (
			);
			name = WLANAudit;
			productName = WLANKey;
			productReference = 1D6058910D05DD3D006BFB54 /* WLANAudit.app */;
			productType = "com.apple.product-type.application";
		};
/* End PBXNativeTarget section */

/* Begin PBXProject section */
		29B97313FDCFA39411CA2CEA /* Project object */ = {
			isa = PBXProject;
			attributes = {
				LastUpgradeCheck = 0420;
				ORGANIZATIONNAME = "Glass Pixel Software";
			};
			buildConfigurationList = C01FCF4E08A954540054247B /* Build configuration list for PBXProject "WLANAudit" */;
			compatibilityVersion = "Xcode 3.2";
			developmentRegion = English;
			hasScannedForEncodings = 1;
			knownRegions = (
				English,
				Japanese,
				French,
				German,
				en,
				es,
			);
			mainGroup = 29B97314FDCFA39411CA2CEA /* CustomTemplate */;
			projectDirPath = "";
			projectRoot = "";
			targets = (
				1D6058900D05DD3D006BFB54 /* WLANAudit */,
			);
		};
/* End PBXProject section */

/* Begin PBXResourcesBuildPhase section */
		1D60588D0D05DD3D006BFB54 /* Resources */ = {
			isa = PBXResourcesBuildPhase;
			buildActionMask = 2147483647;
			files = (
				28AD733F0D9D9553002E5188 /* MainWindow.xib in Resources */,
				629130A112FF2BBF00BE76ED /* NetworkListController.xib in Resources */,
				62A0E5D4130306100094863D /* Default.png in Resources */,
				62A0E5D5130306100094863D /* Default@2x.png in Resources */,
				62A0E5D6130306100094863D /* icon.png in Resources */,
				62A0E5D7130306100094863D /* icon@2x.png in Resources */,
				621CEF011343B95300F04E32 /* Localizable.strings in Resources */,
				629C7C7A140853570046AB27 /* KeyListController.xib in Resources */,
				6212E12414098D0A0079AF6C /* NetworkDetailsController.xib in Resources */,
			);
			runOnlyForDeploymentPostprocessing = 0;
		};
/* End PBXResourcesBuildPhase section */

/* Begin PBXShellScriptBuildPhase section */
		629130B012FF373700BE76ED /* ShellScript */ = {
			isa = PBXShellScriptBuildPhase;
			buildActionMask = 2147483647;
			files = (
			);
			inputPaths = (
			);
			outputPaths = (
			);
			runOnlyForDeploymentPostprocessing = 0;
			shellPath = /bin/sh;
			shellScript = "export CODESIGN_ALLOCATE=/Developer/Platforms/iPhoneOS.platform/Developer/usr/bin/codesign_allocate\nif [ \"${PLATFORM_NAME}\" == \"iphoneos\" ]; then\n/Developer/iphoneentitlements401/gen_entitlements.py \"com.glasspixel.${PROJECT_NAME}\" \"${BUILT_PRODUCTS_DIR}/${WRAPPER_NAME}/${PROJECT_NAME}.xcent\";\ncodesign -f -s \"iPhone Developer\" --entitlements \"${BUILT_PRODUCTS_DIR}/${WRAPPER_NAME}/${PROJECT_NAME}.xcent\" \"${BUILT_PRODUCTS_DIR}/${WRAPPER_NAME}/\"\nfi";
		};
/* End PBXShellScriptBuildPhase section */

/* Begin PBXSourcesBuildPhase section */
		1D60588E0D05DD3D006BFB54 /* Sources */ = {
			isa = PBXSourcesBuildPhase;
			buildActionMask = 2147483647;
			files = (
				1D60589B0D05DD56006BFB54 /* main.m in Sources */,
				1D3623260D0F684500981E51 /* WLANAuditAppDelegate.m in Sources */,
				6291309912FF293500BE76ED /* MSNetworksManager.m in Sources */,
				629130A012FF2BBF00BE76ED /* NetworkListController.m in Sources */,
				628459031301D312007CC17E /* WLANXXXXKeyCalculator.m in Sources */,
				62A0E67B13031A1D0094863D /* AdDelegate.m in Sources */,
				62C182DE1407072D00052601 /* WiFiXXXXXXKeyCalculator.m in Sources */,
				629C7C79140853570046AB27 /* KeyListController.m in Sources */,
				6212E12314098D0A0079AF6C /* NetworkDetailsController.m in Sources */,
			);
			runOnlyForDeploymentPostprocessing = 0;
		};
/* End PBXSourcesBuildPhase section */

/* Begin PBXVariantGroup section */
		621CEEFF1343B95300F04E32 /* Localizable.strings */ = {
			isa = PBXVariantGroup;
			children = (
				621CEF001343B95300F04E32 /* en */,
				621CEF0F1343BA7700F04E32 /* es */,
			);
			name = Localizable.strings;
			sourceTree = "<group>";
		};
/* End PBXVariantGroup section */

/* Begin XCBuildConfiguration section */
		1D6058940D05DD3E006BFB54 /* Debug */ = {
			isa = XCBuildConfiguration;
			buildSettings = {
				ALWAYS_SEARCH_USER_PATHS = NO;
				ARCHS = (
					armv6,
					armv7,
				);
				COPY_PHASE_STRIP = NO;
				GCC_DYNAMIC_NO_PIC = NO;
				GCC_OPTIMIZATION_LEVEL = 0;
				GCC_PRECOMPILE_PREFIX_HEADER = YES;
				GCC_PREFIX_HEADER = WLANAudit_Prefix.pch;
				INFOPLIST_FILE = "WLANAudit-Info.plist";
				LIBRARY_SEARCH_PATHS = (
					"$(inherited)",
					"\"$(SRCROOT)/Libs/GoogleAdMobAdsSDK\"",
				);
				PRODUCT_NAME = WLANAudit;
			};
			name = Debug;
		};
		1D6058950D05DD3E006BFB54 /* Release */ = {
			isa = XCBuildConfiguration;
			buildSettings = {
				ALWAYS_SEARCH_USER_PATHS = NO;
				ARCHS = (
					armv6,
					armv7,
				);
				COPY_PHASE_STRIP = YES;
				GCC_PRECOMPILE_PREFIX_HEADER = YES;
				GCC_PREFIX_HEADER = WLANAudit_Prefix.pch;
				INFOPLIST_FILE = "WLANAudit-Info.plist";
				LIBRARY_SEARCH_PATHS = (
					"$(inherited)",
					"\"$(SRCROOT)/Libs/GoogleAdMobAdsSDK\"",
				);
				PRODUCT_NAME = WLANAudit;
				VALIDATE_PRODUCT = YES;
			};
			name = Release;
		};
		C01FCF4F08A954540054247B /* Debug */ = {
			isa = XCBuildConfiguration;
			buildSettings = {
				ARCHS = "$(ARCHS_STANDARD_32_BIT)";
				CODE_SIGN_IDENTITY = "";
				"CODE_SIGN_IDENTITY[sdk=iphoneos*]" = "";
				GCC_C_LANGUAGE_STANDARD = c99;
				GCC_WARN_ABOUT_RETURN_TYPE = YES;
				GCC_WARN_UNUSED_VARIABLE = YES;
				IPHONEOS_DEPLOYMENT_TARGET = 3.0;
				PRODUCT_NAME = "WLAN Audit";
				SDKROOT = iphoneos5.0;
			};
			name = Debug;
		};
		C01FCF5008A954540054247B /* Release */ = {
			isa = XCBuildConfiguration;
			buildSettings = {
				ARCHS = "$(ARCHS_STANDARD_32_BIT)";
				CODE_SIGN_IDENTITY = "";
				"CODE_SIGN_IDENTITY[sdk=iphoneos*]" = "";
				GCC_C_LANGUAGE_STANDARD = c99;
				GCC_WARN_ABOUT_RETURN_TYPE = YES;
				GCC_WARN_UNUSED_VARIABLE = YES;
				IPHONEOS_DEPLOYMENT_TARGET = 3.0;
				OTHER_CFLAGS = "-DNS_BLOCK_ASSERTIONS=1";
				PRODUCT_NAME = "WLAN Audit";
				SDKROOT = iphoneos5.0;
			};
			name = Release;
		};
/* End XCBuildConfiguration section */

/* Begin XCConfigurationList section */
		1D6058960D05DD3E006BFB54 /* Build configuration list for PBXNativeTarget "WLANAudit" */ = {
			isa = XCConfigurationList;
			buildConfigurations = (
				1D6058940D05DD3E006BFB54 /* Debug */,
				1D6058950D05DD3E006BFB54 /* Release */,
			);
			defaultConfigurationIsVisible = 0;
			defaultConfigurationName = Release;
		};
		C01FCF4E08A954540054247B /* Build configuration list for PBXProject "WLANAudit" */ = {
			isa = XCConfigurationList;
			buildConfigurations = (
				C01FCF4F08A954540054247B /* Debug */,
				C01FCF5008A954540054247B /* Release */,
			);
			defaultConfigurationIsVisible = 0;
			defaultConfigurationName = Release;
		};
/* End XCConfigurationList section */
	};
	rootObject = 29B97313FDCFA39411CA2CEA /* Project object */;
}
